// !$*UTF8*$!
{
	archiveVersion = 1;
	classes = {
	};
	objectVersion = 56;
	objects = {

/* Begin PBXBuildFile section */
		A2920DA22A5049F0004FBC34 /* UserDetails.swift in Sources */ = {isa = PBXBuildFile; fileRef = A2920DA12A5049F0004FBC34 /* UserDetails.swift */; };
		A2A41CE02A51B840005DB375 /* FollowersView.swift in Sources */ = {isa = PBXBuildFile; fileRef = A2A41CDF2A51B840005DB375 /* FollowersView.swift */; };
		A2A41CE22A51BC82005DB375 /* UserDetailsNetworkResponse.swift in Sources */ = {isa = PBXBuildFile; fileRef = A2A41CE12A51BC82005DB375 /* UserDetailsNetworkResponse.swift */; };
		A2A41CE52A52B083005DB375 /* ImagePlaceholderView.swift in Sources */ = {isa = PBXBuildFile; fileRef = A2A41CE42A52B083005DB375 /* ImagePlaceholderView.swift */; };
		A2A41CE72A52B15B005DB375 /* OptionView.swift in Sources */ = {isa = PBXBuildFile; fileRef = A2A41CE62A52B15B005DB375 /* OptionView.swift */; };
		A2A41CE92A53150E005DB375 /* UsersView.swift in Sources */ = {isa = PBXBuildFile; fileRef = A2A41CE82A53150E005DB375 /* UsersView.swift */; };
		A2A41CEB2A533034005DB375 /* CustomizedBackButton.swift in Sources */ = {isa = PBXBuildFile; fileRef = A2A41CEA2A533034005DB375 /* CustomizedBackButton.swift */; };
		A2A41CEE2A533680005DB375 /* FollowersAPIClient.swift in Sources */ = {isa = PBXBuildFile; fileRef = A2A41CED2A533680005DB375 /* FollowersAPIClient.swift */; };
		A2A41CF12A5336CD005DB375 /* FollowersNetworkResponse.swift in Sources */ = {isa = PBXBuildFile; fileRef = A2A41CF02A5336CD005DB375 /* FollowersNetworkResponse.swift */; };
		A2A41CF32A533BCE005DB375 /* FollowerCard.swift in Sources */ = {isa = PBXBuildFile; fileRef = A2A41CF22A533BCE005DB375 /* FollowerCard.swift */; };
		A2A41CF62A53F0C3005DB375 /* UserRepositoriesView.swift in Sources */ = {isa = PBXBuildFile; fileRef = A2A41CF52A53F0C3005DB375 /* UserRepositoriesView.swift */; };
		A2A41CF82A53F0D2005DB375 /* UserRepositoryCard.swift in Sources */ = {isa = PBXBuildFile; fileRef = A2A41CF72A53F0D1005DB375 /* UserRepositoryCard.swift */; };
		A2A41CFB2A53F10D005DB375 /* UserRepositoriesAPIClient.swift in Sources */ = {isa = PBXBuildFile; fileRef = A2A41CFA2A53F10D005DB375 /* UserRepositoriesAPIClient.swift */; };
		A2A41CFE2A53F128005DB375 /* UserRepositoriesNetworkResponse.swift in Sources */ = {isa = PBXBuildFile; fileRef = A2A41CFD2A53F128005DB375 /* UserRepositoriesNetworkResponse.swift */; };
		A2A41D012A541B03005DB375 /* String+Extensions.swift in Sources */ = {isa = PBXBuildFile; fileRef = A2A41D002A541B03005DB375 /* String+Extensions.swift */; };
		A2A41D042A543BAD005DB375 /* RepositoriesView.swift in Sources */ = {isa = PBXBuildFile; fileRef = A2A41D032A543BAD005DB375 /* RepositoriesView.swift */; };
		A2A41D062A543E46005DB375 /* SearchNoResultsView.swift in Sources */ = {isa = PBXBuildFile; fileRef = A2A41D052A543E46005DB375 /* SearchNoResultsView.swift */; };
		A2A41D082A547253005DB375 /* RepositoriesAPIClient.swift in Sources */ = {isa = PBXBuildFile; fileRef = A2A41D072A547253005DB375 /* RepositoriesAPIClient.swift */; };
		A2A41D0A2A5472BE005DB375 /* RepositoriesNetworkResponse.swift in Sources */ = {isa = PBXBuildFile; fileRef = A2A41D092A5472BE005DB375 /* RepositoriesNetworkResponse.swift */; };
		A2A41D0F2A548725005DB375 /* UsersViewModel.swift in Sources */ = {isa = PBXBuildFile; fileRef = A2A41D0E2A548725005DB375 /* UsersViewModel.swift */; };
		A2A41D122A5493ED005DB375 /* FollowersViewModel.swift in Sources */ = {isa = PBXBuildFile; fileRef = A2A41D112A5493ED005DB375 /* FollowersViewModel.swift */; };
		A2A54E232A48D8D500D1DD7C /* GithubUsersApp.swift in Sources */ = {isa = PBXBuildFile; fileRef = A2A54E222A48D8D500D1DD7C /* GithubUsersApp.swift */; };
		A2A54E252A48D8D500D1DD7C /* HomeView.swift in Sources */ = {isa = PBXBuildFile; fileRef = A2A54E242A48D8D500D1DD7C /* HomeView.swift */; };
		A2A54E272A48D8D600D1DD7C /* Assets.xcassets in Resources */ = {isa = PBXBuildFile; fileRef = A2A54E262A48D8D600D1DD7C /* Assets.xcassets */; };
		A2A54E2A2A48D8D600D1DD7C /* Preview Assets.xcassets in Resources */ = {isa = PBXBuildFile; fileRef = A2A54E292A48D8D600D1DD7C /* Preview Assets.xcassets */; };
		A2A54E312A48D9A200D1DD7C /* UserCard.swift in Sources */ = {isa = PBXBuildFile; fileRef = A2A54E302A48D9A200D1DD7C /* UserCard.swift */; };
		A2A54E362A48DBBB00D1DD7C /* UsersAPIClient.swift in Sources */ = {isa = PBXBuildFile; fileRef = A2A54E352A48DBBB00D1DD7C /* UsersAPIClient.swift */; };
		A2A54E382A48DC0700D1DD7C /* UserNetworkResponse.swift in Sources */ = {isa = PBXBuildFile; fileRef = A2A54E372A48DC0700D1DD7C /* UserNetworkResponse.swift */; };
		A2AF62DE2A556C4C00DD2148 /* RepositoriesViewModel.swift in Sources */ = {isa = PBXBuildFile; fileRef = A2AF62DD2A556C4C00DD2148 /* RepositoriesViewModel.swift */; };
/* End PBXBuildFile section */

/* Begin PBXFileReference section */
		A2920DA12A5049F0004FBC34 /* UserDetails.swift */ = {isa = PBXFileReference; lastKnownFileType = sourcecode.swift; path = UserDetails.swift; sourceTree = "<group>"; };
		A2A41CDF2A51B840005DB375 /* FollowersView.swift */ = {isa = PBXFileReference; lastKnownFileType = sourcecode.swift; path = FollowersView.swift; sourceTree = "<group>"; };
		A2A41CE12A51BC82005DB375 /* UserDetailsNetworkResponse.swift */ = {isa = PBXFileReference; lastKnownFileType = sourcecode.swift; path = UserDetailsNetworkResponse.swift; sourceTree = "<group>"; };
		A2A41CE42A52B083005DB375 /* ImagePlaceholderView.swift */ = {isa = PBXFileReference; lastKnownFileType = sourcecode.swift; path = ImagePlaceholderView.swift; sourceTree = "<group>"; };
		A2A41CE62A52B15B005DB375 /* OptionView.swift */ = {isa = PBXFileReference; lastKnownFileType = sourcecode.swift; path = OptionView.swift; sourceTree = "<group>"; };
		A2A41CE82A53150E005DB375 /* UsersView.swift */ = {isa = PBXFileReference; lastKnownFileType = sourcecode.swift; path = UsersView.swift; sourceTree = "<group>"; };
		A2A41CEA2A533034005DB375 /* CustomizedBackButton.swift */ = {isa = PBXFileReference; lastKnownFileType = sourcecode.swift; path = CustomizedBackButton.swift; sourceTree = "<group>"; };
		A2A41CED2A533680005DB375 /* FollowersAPIClient.swift */ = {isa = PBXFileReference; lastKnownFileType = sourcecode.swift; path = FollowersAPIClient.swift; sourceTree = "<group>"; };
		A2A41CF02A5336CD005DB375 /* FollowersNetworkResponse.swift */ = {isa = PBXFileReference; lastKnownFileType = sourcecode.swift; path = FollowersNetworkResponse.swift; sourceTree = "<group>"; };
		A2A41CF22A533BCE005DB375 /* FollowerCard.swift */ = {isa = PBXFileReference; lastKnownFileType = sourcecode.swift; path = FollowerCard.swift; sourceTree = "<group>"; };
		A2A41CF52A53F0C3005DB375 /* UserRepositoriesView.swift */ = {isa = PBXFileReference; lastKnownFileType = sourcecode.swift; path = UserRepositoriesView.swift; sourceTree = "<group>"; };
		A2A41CF72A53F0D1005DB375 /* UserRepositoryCard.swift */ = {isa = PBXFileReference; lastKnownFileType = sourcecode.swift; path = UserRepositoryCard.swift; sourceTree = "<group>"; };
		A2A41CFA2A53F10D005DB375 /* UserRepositoriesAPIClient.swift */ = {isa = PBXFileReference; lastKnownFileType = sourcecode.swift; path = UserRepositoriesAPIClient.swift; sourceTree = "<group>"; };
		A2A41CFD2A53F128005DB375 /* UserRepositoriesNetworkResponse.swift */ = {isa = PBXFileReference; lastKnownFileType = sourcecode.swift; path = UserRepositoriesNetworkResponse.swift; sourceTree = "<group>"; };
		A2A41D002A541B03005DB375 /* String+Extensions.swift */ = {isa = PBXFileReference; lastKnownFileType = sourcecode.swift; path = "String+Extensions.swift"; sourceTree = "<group>"; };
		A2A41D032A543BAD005DB375 /* RepositoriesView.swift */ = {isa = PBXFileReference; lastKnownFileType = sourcecode.swift; path = RepositoriesView.swift; sourceTree = "<group>"; };
		A2A41D052A543E46005DB375 /* SearchNoResultsView.swift */ = {isa = PBXFileReference; lastKnownFileType = sourcecode.swift; path = SearchNoResultsView.swift; sourceTree = "<group>"; };
		A2A41D072A547253005DB375 /* RepositoriesAPIClient.swift */ = {isa = PBXFileReference; lastKnownFileType = sourcecode.swift; path = RepositoriesAPIClient.swift; sourceTree = "<group>"; };
		A2A41D092A5472BE005DB375 /* RepositoriesNetworkResponse.swift */ = {isa = PBXFileReference; lastKnownFileType = sourcecode.swift; path = RepositoriesNetworkResponse.swift; sourceTree = "<group>"; };
		A2A41D0E2A548725005DB375 /* UsersViewModel.swift */ = {isa = PBXFileReference; lastKnownFileType = sourcecode.swift; path = UsersViewModel.swift; sourceTree = "<group>"; };
		A2A41D112A5493ED005DB375 /* FollowersViewModel.swift */ = {isa = PBXFileReference; lastKnownFileType = sourcecode.swift; path = FollowersViewModel.swift; sourceTree = "<group>"; };
		A2A54E1F2A48D8D500D1DD7C /* GithubUsers.app */ = {isa = PBXFileReference; explicitFileType = wrapper.application; includeInIndex = 0; path = GithubUsers.app; sourceTree = BUILT_PRODUCTS_DIR; };
		A2A54E222A48D8D500D1DD7C /* GithubUsersApp.swift */ = {isa = PBXFileReference; lastKnownFileType = sourcecode.swift; path = GithubUsersApp.swift; sourceTree = "<group>"; };
		A2A54E242A48D8D500D1DD7C /* HomeView.swift */ = {isa = PBXFileReference; lastKnownFileType = sourcecode.swift; name = HomeView.swift; path = GithubUsers/Views/HomeView.swift; sourceTree = SOURCE_ROOT; };
		A2A54E262A48D8D600D1DD7C /* Assets.xcassets */ = {isa = PBXFileReference; lastKnownFileType = folder.assetcatalog; path = Assets.xcassets; sourceTree = "<group>"; };
		A2A54E292A48D8D600D1DD7C /* Preview Assets.xcassets */ = {isa = PBXFileReference; lastKnownFileType = folder.assetcatalog; path = "Preview Assets.xcassets"; sourceTree = "<group>"; };
		A2A54E302A48D9A200D1DD7C /* UserCard.swift */ = {isa = PBXFileReference; lastKnownFileType = sourcecode.swift; path = UserCard.swift; sourceTree = "<group>"; };
		A2A54E352A48DBBB00D1DD7C /* UsersAPIClient.swift */ = {isa = PBXFileReference; lastKnownFileType = sourcecode.swift; path = UsersAPIClient.swift; sourceTree = "<group>"; };
		A2A54E372A48DC0700D1DD7C /* UserNetworkResponse.swift */ = {isa = PBXFileReference; lastKnownFileType = sourcecode.swift; path = UserNetworkResponse.swift; sourceTree = "<group>"; };
		A2AF62DD2A556C4C00DD2148 /* RepositoriesViewModel.swift */ = {isa = PBXFileReference; lastKnownFileType = sourcecode.swift; path = RepositoriesViewModel.swift; sourceTree = "<group>"; };
/* End PBXFileReference section */

/* Begin PBXFrameworksBuildPhase section */
		A2A54E1C2A48D8D500D1DD7C /* Frameworks */ = {
			isa = PBXFrameworksBuildPhase;
			buildActionMask = 2147483647;
			files = (
			);
			runOnlyForDeploymentPostprocessing = 0;
		};
/* End PBXFrameworksBuildPhase section */

/* Begin PBXGroup section */
		A2920D9F2A5049AC004FBC34 /* Users */ = {
			isa = PBXGroup;
			children = (
				A2A41D0D2A548715005DB375 /* ViewModel */,
				A2A54E302A48D9A200D1DD7C /* UserCard.swift */,
				A2A54E242A48D8D500D1DD7C /* HomeView.swift */,
				A2A41CE82A53150E005DB375 /* UsersView.swift */,
			);
			path = Users;
			sourceTree = "<group>";
		};
		A2920DA02A5049C4004FBC34 /* UserDetails */ = {
			isa = PBXGroup;
			children = (
				A2920DA12A5049F0004FBC34 /* UserDetails.swift */,
			);
			path = UserDetails;
			sourceTree = "<group>";
		};
		A2A41CDE2A51B831005DB375 /* Followers */ = {
			isa = PBXGroup;
			children = (
				A2A41D102A5493DD005DB375 /* ViewModel */,
				A2A41CDF2A51B840005DB375 /* FollowersView.swift */,
				A2A41CF22A533BCE005DB375 /* FollowerCard.swift */,
			);
			path = Followers;
			sourceTree = "<group>";
		};
		A2A41CE32A52B06F005DB375 /* CommonViews */ = {
			isa = PBXGroup;
			children = (
				A2A41CE42A52B083005DB375 /* ImagePlaceholderView.swift */,
				A2A41CE62A52B15B005DB375 /* OptionView.swift */,
				A2A41CEA2A533034005DB375 /* CustomizedBackButton.swift */,
				A2A41D052A543E46005DB375 /* SearchNoResultsView.swift */,
			);
			path = CommonViews;
			sourceTree = "<group>";
		};
		A2A41CEC2A533663005DB375 /* Followers */ = {
			isa = PBXGroup;
			children = (
				A2A41CED2A533680005DB375 /* FollowersAPIClient.swift */,
				A2A41CEF2A5336B4005DB375 /* Model */,
			);
			path = Followers;
			sourceTree = "<group>";
		};
		A2A41CEF2A5336B4005DB375 /* Model */ = {
			isa = PBXGroup;
			children = (
				A2A41CF02A5336CD005DB375 /* FollowersNetworkResponse.swift */,
			);
			path = Model;
			sourceTree = "<group>";
		};
		A2A41CF42A53F0AD005DB375 /* UserRepositories */ = {
			isa = PBXGroup;
			children = (
				A2A41CF52A53F0C3005DB375 /* UserRepositoriesView.swift */,
				A2A41CF72A53F0D1005DB375 /* UserRepositoryCard.swift */,
			);
			path = UserRepositories;
			sourceTree = "<group>";
		};
		A2A41CF92A53F100005DB375 /* Repositories */ = {
			isa = PBXGroup;
			children = (
				A2A41D072A547253005DB375 /* RepositoriesAPIClient.swift */,
				A2A41D0C2A54827A005DB375 /* Model */,
			);
			path = Repositories;
			sourceTree = "<group>";
		};
		A2A41CFC2A53F111005DB375 /* Model */ = {
			isa = PBXGroup;
			children = (
				A2A41CFD2A53F128005DB375 /* UserRepositoriesNetworkResponse.swift */,
			);
			path = Model;
			sourceTree = "<group>";
		};
		A2A41CFF2A541AEE005DB375 /* Extensions */ = {
			isa = PBXGroup;
			children = (
				A2A41D002A541B03005DB375 /* String+Extensions.swift */,
			);
			path = Extensions;
			sourceTree = "<group>";
		};
		A2A41D022A543B97005DB375 /* Repositories */ = {
			isa = PBXGroup;
			children = (
				A2AF62DB2A556C1E00DD2148 /* ViewModel */,
				A2AF62DC2A556C2A00DD2148 /* Views */,
			);
			path = Repositories;
			sourceTree = "<group>";
		};
		A2A41D0B2A548260005DB375 /* UserRepositories */ = {
			isa = PBXGroup;
			children = (
				A2A41CFA2A53F10D005DB375 /* UserRepositoriesAPIClient.swift */,
				A2A41CFC2A53F111005DB375 /* Model */,
			);
			path = UserRepositories;
			sourceTree = "<group>";
		};
		A2A41D0C2A54827A005DB375 /* Model */ = {
			isa = PBXGroup;
			children = (
				A2A41D092A5472BE005DB375 /* RepositoriesNetworkResponse.swift */,
			);
			path = Model;
			sourceTree = "<group>";
		};
		A2A41D0D2A548715005DB375 /* ViewModel */ = {
			isa = PBXGroup;
			children = (
				A2A41D0E2A548725005DB375 /* UsersViewModel.swift */,
			);
			path = ViewModel;
			sourceTree = "<group>";
		};
		A2A41D102A5493DD005DB375 /* ViewModel */ = {
			isa = PBXGroup;
			children = (
				A2A41D112A5493ED005DB375 /* FollowersViewModel.swift */,
			);
			path = ViewModel;
			sourceTree = "<group>";
		};
		A2A54E162A48D8D400D1DD7C = {
			isa = PBXGroup;
			children = (
				A2A54E212A48D8D500D1DD7C /* GithubUsers */,
				A2A54E202A48D8D500D1DD7C /* Products */,
			);
			sourceTree = "<group>";
		};
		A2A54E202A48D8D500D1DD7C /* Products */ = {
			isa = PBXGroup;
			children = (
				A2A54E1F2A48D8D500D1DD7C /* GithubUsers.app */,
			);
			name = Products;
			sourceTree = "<group>";
		};
		A2A54E212A48D8D500D1DD7C /* GithubUsers */ = {
			isa = PBXGroup;
			children = (
				A2A41CFF2A541AEE005DB375 /* Extensions */,
				A2A54E332A48DB9E00D1DD7C /* Network */,
				A2A54E322A48DB9000D1DD7C /* Views */,
				A2A54E222A48D8D500D1DD7C /* GithubUsersApp.swift */,
				A2A54E262A48D8D600D1DD7C /* Assets.xcassets */,
				A2A54E282A48D8D600D1DD7C /* Preview Content */,
			);
			path = GithubUsers;
			sourceTree = "<group>";
		};
		A2A54E282A48D8D600D1DD7C /* Preview Content */ = {
			isa = PBXGroup;
			children = (
				A2A54E292A48D8D600D1DD7C /* Preview Assets.xcassets */,
			);
			path = "Preview Content";
			sourceTree = "<group>";
		};
		A2A54E322A48DB9000D1DD7C /* Views */ = {
			isa = PBXGroup;
			children = (
				A2A41D022A543B97005DB375 /* Repositories */,
				A2A41CF42A53F0AD005DB375 /* UserRepositories */,
				A2A41CE32A52B06F005DB375 /* CommonViews */,
				A2A41CDE2A51B831005DB375 /* Followers */,
				A2920D9F2A5049AC004FBC34 /* Users */,
				A2920DA02A5049C4004FBC34 /* UserDetails */,
			);
			path = Views;
			sourceTree = "<group>";
		};
		A2A54E332A48DB9E00D1DD7C /* Network */ = {
			isa = PBXGroup;
			children = (
				A2A41D0B2A548260005DB375 /* UserRepositories */,
				A2A41CF92A53F100005DB375 /* Repositories */,
				A2A41CEC2A533663005DB375 /* Followers */,
				A2A54E352A48DBBB00D1DD7C /* UsersAPIClient.swift */,
				A2A54E372A48DC0700D1DD7C /* UserNetworkResponse.swift */,
				A2A41CE12A51BC82005DB375 /* UserDetailsNetworkResponse.swift */,
			);
			path = Network;
			sourceTree = "<group>";
		};
		A2AF62DB2A556C1E00DD2148 /* ViewModel */ = {
			isa = PBXGroup;
			children = (
				A2AF62DD2A556C4C00DD2148 /* RepositoriesViewModel.swift */,
			);
			path = ViewModel;
			sourceTree = "<group>";
		};
		A2AF62DC2A556C2A00DD2148 /* Views */ = {
			isa = PBXGroup;
			children = (
				A2A41D032A543BAD005DB375 /* RepositoriesView.swift */,
			);
			path = Views;
			sourceTree = "<group>";
		};
/* End PBXGroup section */

/* Begin PBXNativeTarget section */
		A2A54E1E2A48D8D500D1DD7C /* GithubUsers */ = {
			isa = PBXNativeTarget;
			buildConfigurationList = A2A54E2D2A48D8D600D1DD7C /* Build configuration list for PBXNativeTarget "GithubUsers" */;
			buildPhases = (
				A2A54E1B2A48D8D500D1DD7C /* Sources */,
				A2A54E1C2A48D8D500D1DD7C /* Frameworks */,
				A2A54E1D2A48D8D500D1DD7C /* Resources */,
			);
			buildRules = (
			);
			dependencies = (
			);
			name = GithubUsers;
			productName = GithubUsers;
			productReference = A2A54E1F2A48D8D500D1DD7C /* GithubUsers.app */;
			productType = "com.apple.product-type.application";
		};
/* End PBXNativeTarget section */

/* Begin PBXProject section */
		A2A54E172A48D8D400D1DD7C /* Project object */ = {
			isa = PBXProject;
			attributes = {
				BuildIndependentTargetsInParallel = 1;
				LastSwiftUpdateCheck = 1420;
				LastUpgradeCheck = 1420;
				TargetAttributes = {
					A2A54E1E2A48D8D500D1DD7C = {
						CreatedOnToolsVersion = 14.2;
					};
				};
			};
			buildConfigurationList = A2A54E1A2A48D8D400D1DD7C /* Build configuration list for PBXProject "GithubUsers" */;
			compatibilityVersion = "Xcode 14.0";
			developmentRegion = en;
			hasScannedForEncodings = 0;
			knownRegions = (
				en,
				Base,
			);
			mainGroup = A2A54E162A48D8D400D1DD7C;
			productRefGroup = A2A54E202A48D8D500D1DD7C /* Products */;
			projectDirPath = "";
			projectRoot = "";
			targets = (
				A2A54E1E2A48D8D500D1DD7C /* GithubUsers */,
			);
		};
/* End PBXProject section */

/* Begin PBXResourcesBuildPhase section */
		A2A54E1D2A48D8D500D1DD7C /* Resources */ = {
			isa = PBXResourcesBuildPhase;
			buildActionMask = 2147483647;
			files = (
				A2A54E2A2A48D8D600D1DD7C /* Preview Assets.xcassets in Resources */,
				A2A54E272A48D8D600D1DD7C /* Assets.xcassets in Resources */,
			);
			runOnlyForDeploymentPostprocessing = 0;
		};
/* End PBXResourcesBuildPhase section */

/* Begin PBXSourcesBuildPhase section */
		A2A54E1B2A48D8D500D1DD7C /* Sources */ = {
			isa = PBXSourcesBuildPhase;
			buildActionMask = 2147483647;
			files = (
				A2A41D042A543BAD005DB375 /* RepositoriesView.swift in Sources */,
				A2A41D082A547253005DB375 /* RepositoriesAPIClient.swift in Sources */,
				A2A41D012A541B03005DB375 /* String+Extensions.swift in Sources */,
				A2A54E252A48D8D500D1DD7C /* HomeView.swift in Sources */,
				A2A41CE02A51B840005DB375 /* FollowersView.swift in Sources */,
				A2A41CE22A51BC82005DB375 /* UserDetailsNetworkResponse.swift in Sources */,
				A2A41CE72A52B15B005DB375 /* OptionView.swift in Sources */,
				A2A41CF62A53F0C3005DB375 /* UserRepositoriesView.swift in Sources */,
				A2A54E312A48D9A200D1DD7C /* UserCard.swift in Sources */,
				A2A41CE52A52B083005DB375 /* ImagePlaceholderView.swift in Sources */,
				A2A54E362A48DBBB00D1DD7C /* UsersAPIClient.swift in Sources */,
				A2A41CF12A5336CD005DB375 /* FollowersNetworkResponse.swift in Sources */,
				A2A41D122A5493ED005DB375 /* FollowersViewModel.swift in Sources */,
				A2AF62DE2A556C4C00DD2148 /* RepositoriesViewModel.swift in Sources */,
				A2A54E232A48D8D500D1DD7C /* GithubUsersApp.swift in Sources */,
				A2A41CF32A533BCE005DB375 /* FollowerCard.swift in Sources */,
				A2A41CFB2A53F10D005DB375 /* UserRepositoriesAPIClient.swift in Sources */,
				A2A41CEE2A533680005DB375 /* FollowersAPIClient.swift in Sources */,
				A2A41CFE2A53F128005DB375 /* UserRepositoriesNetworkResponse.swift in Sources */,
				A2A41D062A543E46005DB375 /* SearchNoResultsView.swift in Sources */,
				A2A54E382A48DC0700D1DD7C /* UserNetworkResponse.swift in Sources */,
				A2A41D0F2A548725005DB375 /* UsersViewModel.swift in Sources */,
				A2A41CEB2A533034005DB375 /* CustomizedBackButton.swift in Sources */,
				A2A41CE92A53150E005DB375 /* UsersView.swift in Sources */,
				A2A41CF82A53F0D2005DB375 /* UserRepositoryCard.swift in Sources */,
				A2920DA22A5049F0004FBC34 /* UserDetails.swift in Sources */,
				A2A41D0A2A5472BE005DB375 /* RepositoriesNetworkResponse.swift in Sources */,
			);
			runOnlyForDeploymentPostprocessing = 0;
		};
/* End PBXSourcesBuildPhase section */

/* Begin XCBuildConfiguration section */
		A2A54E2B2A48D8D600D1DD7C /* Debug */ = {
			isa = XCBuildConfiguration;
			buildSettings = {
				ALWAYS_SEARCH_USER_PATHS = NO;
				CLANG_ANALYZER_NONNULL = YES;
				CLANG_ANALYZER_NUMBER_OBJECT_CONVERSION = YES_AGGRESSIVE;
				CLANG_CXX_LANGUAGE_STANDARD = "gnu++20";
				CLANG_ENABLE_MODULES = YES;
				CLANG_ENABLE_OBJC_ARC = YES;
				CLANG_ENABLE_OBJC_WEAK = YES;
				CLANG_WARN_BLOCK_CAPTURE_AUTORELEASING = YES;
				CLANG_WARN_BOOL_CONVERSION = YES;
				CLANG_WARN_COMMA = YES;
				CLANG_WARN_CONSTANT_CONVERSION = YES;
				CLANG_WARN_DEPRECATED_OBJC_IMPLEMENTATIONS = YES;
				CLANG_WARN_DIRECT_OBJC_ISA_USAGE = YES_ERROR;
				CLANG_WARN_DOCUMENTATION_COMMENTS = YES;
				CLANG_WARN_EMPTY_BODY = YES;
				CLANG_WARN_ENUM_CONVERSION = YES;
				CLANG_WARN_INFINITE_RECURSION = YES;
				CLANG_WARN_INT_CONVERSION = YES;
				CLANG_WARN_NON_LITERAL_NULL_CONVERSION = YES;
				CLANG_WARN_OBJC_IMPLICIT_RETAIN_SELF = YES;
				CLANG_WARN_OBJC_LITERAL_CONVERSION = YES;
				CLANG_WARN_OBJC_ROOT_CLASS = YES_ERROR;
				CLANG_WARN_QUOTED_INCLUDE_IN_FRAMEWORK_HEADER = YES;
				CLANG_WARN_RANGE_LOOP_ANALYSIS = YES;
				CLANG_WARN_STRICT_PROTOTYPES = YES;
				CLANG_WARN_SUSPICIOUS_MOVE = YES;
				CLANG_WARN_UNGUARDED_AVAILABILITY = YES_AGGRESSIVE;
				CLANG_WARN_UNREACHABLE_CODE = YES;
				CLANG_WARN__DUPLICATE_METHOD_MATCH = YES;
				COPY_PHASE_STRIP = NO;
				DEBUG_INFORMATION_FORMAT = dwarf;
				ENABLE_STRICT_OBJC_MSGSEND = YES;
				ENABLE_TESTABILITY = YES;
				GCC_C_LANGUAGE_STANDARD = gnu11;
				GCC_DYNAMIC_NO_PIC = NO;
				GCC_NO_COMMON_BLOCKS = YES;
				GCC_OPTIMIZATION_LEVEL = 0;
				GCC_PREPROCESSOR_DEFINITIONS = (
					"DEBUG=1",
					"$(inherited)",
				);
				GCC_WARN_64_TO_32_BIT_CONVERSION = YES;
				GCC_WARN_ABOUT_RETURN_TYPE = YES_ERROR;
				GCC_WARN_UNDECLARED_SELECTOR = YES;
				GCC_WARN_UNINITIALIZED_AUTOS = YES_AGGRESSIVE;
				GCC_WARN_UNUSED_FUNCTION = YES;
				GCC_WARN_UNUSED_VARIABLE = YES;
				IPHONEOS_DEPLOYMENT_TARGET = 16.2;
				MTL_ENABLE_DEBUG_INFO = INCLUDE_SOURCE;
				MTL_FAST_MATH = YES;
				ONLY_ACTIVE_ARCH = YES;
				SDKROOT = iphoneos;
				SWIFT_ACTIVE_COMPILATION_CONDITIONS = DEBUG;
				SWIFT_OPTIMIZATION_LEVEL = "-Onone";
			};
			name = Debug;
		};
		A2A54E2C2A48D8D600D1DD7C /* Release */ = {
			isa = XCBuildConfiguration;
			buildSettings = {
				ALWAYS_SEARCH_USER_PATHS = NO;
				CLANG_ANALYZER_NONNULL = YES;
				CLANG_ANALYZER_NUMBER_OBJECT_CONVERSION = YES_AGGRESSIVE;
				CLANG_CXX_LANGUAGE_STANDARD = "gnu++20";
				CLANG_ENABLE_MODULES = YES;
				CLANG_ENABLE_OBJC_ARC = YES;
				CLANG_ENABLE_OBJC_WEAK = YES;
				CLANG_WARN_BLOCK_CAPTURE_AUTORELEASING = YES;
				CLANG_WARN_BOOL_CONVERSION = YES;
				CLANG_WARN_COMMA = YES;
				CLANG_WARN_CONSTANT_CONVERSION = YES;
				CLANG_WARN_DEPRECATED_OBJC_IMPLEMENTATIONS = YES;
				CLANG_WARN_DIRECT_OBJC_ISA_USAGE = YES_ERROR;
				CLANG_WARN_DOCUMENTATION_COMMENTS = YES;
				CLANG_WARN_EMPTY_BODY = YES;
				CLANG_WARN_ENUM_CONVERSION = YES;
				CLANG_WARN_INFINITE_RECURSION = YES;
				CLANG_WARN_INT_CONVERSION = YES;
				CLANG_WARN_NON_LITERAL_NULL_CONVERSION = YES;
				CLANG_WARN_OBJC_IMPLICIT_RETAIN_SELF = YES;
				CLANG_WARN_OBJC_LITERAL_CONVERSION = YES;
				CLANG_WARN_OBJC_ROOT_CLASS = YES_ERROR;
				CLANG_WARN_QUOTED_INCLUDE_IN_FRAMEWORK_HEADER = YES;
				CLANG_WARN_RANGE_LOOP_ANALYSIS = YES;
				CLANG_WARN_STRICT_PROTOTYPES = YES;
				CLANG_WARN_SUSPICIOUS_MOVE = YES;
				CLANG_WARN_UNGUARDED_AVAILABILITY = YES_AGGRESSIVE;
				CLANG_WARN_UNREACHABLE_CODE = YES;
				CLANG_WARN__DUPLICATE_METHOD_MATCH = YES;
				COPY_PHASE_STRIP = NO;
				DEBUG_INFORMATION_FORMAT = "dwarf-with-dsym";
				ENABLE_NS_ASSERTIONS = NO;
				ENABLE_STRICT_OBJC_MSGSEND = YES;
				GCC_C_LANGUAGE_STANDARD = gnu11;
				GCC_NO_COMMON_BLOCKS = YES;
				GCC_WARN_64_TO_32_BIT_CONVERSION = YES;
				GCC_WARN_ABOUT_RETURN_TYPE = YES_ERROR;
				GCC_WARN_UNDECLARED_SELECTOR = YES;
				GCC_WARN_UNINITIALIZED_AUTOS = YES_AGGRESSIVE;
				GCC_WARN_UNUSED_FUNCTION = YES;
				GCC_WARN_UNUSED_VARIABLE = YES;
				IPHONEOS_DEPLOYMENT_TARGET = 16.2;
				MTL_ENABLE_DEBUG_INFO = NO;
				MTL_FAST_MATH = YES;
				SDKROOT = iphoneos;
				SWIFT_COMPILATION_MODE = wholemodule;
				SWIFT_OPTIMIZATION_LEVEL = "-O";
				VALIDATE_PRODUCT = YES;
			};
			name = Release;
		};
		A2A54E2E2A48D8D600D1DD7C /* Debug */ = {
			isa = XCBuildConfiguration;
			buildSettings = {
				ASSETCATALOG_COMPILER_APPICON_NAME = AppIcon;
				ASSETCATALOG_COMPILER_GLOBAL_ACCENT_COLOR_NAME = AccentColor;
				CODE_SIGN_STYLE = Automatic;
				CURRENT_PROJECT_VERSION = 1;
				DEVELOPMENT_ASSET_PATHS = "\"GithubUsers/Preview Content\"";
				DEVELOPMENT_TEAM = 6GY6SSRWWX;
				ENABLE_PREVIEWS = YES;
				GENERATE_INFOPLIST_FILE = YES;
				INFOPLIST_KEY_UIApplicationSceneManifest_Generation = YES;
				INFOPLIST_KEY_UIApplicationSupportsIndirectInputEvents = YES;
				INFOPLIST_KEY_UILaunchScreen_Generation = YES;
				INFOPLIST_KEY_UISupportedInterfaceOrientations_iPad = "UIInterfaceOrientationPortrait UIInterfaceOrientationPortraitUpsideDown UIInterfaceOrientationLandscapeLeft UIInterfaceOrientationLandscapeRight";
				INFOPLIST_KEY_UISupportedInterfaceOrientations_iPhone = "UIInterfaceOrientationPortrait UIInterfaceOrientationLandscapeLeft UIInterfaceOrientationLandscapeRight";
				INFOPLIST_KEY_UIUserInterfaceStyle = Dark;
				LD_RUNPATH_SEARCH_PATHS = (
					"$(inherited)",
					"@executable_path/Frameworks",
				);
				MARKETING_VERSION = 1.0;
				PRODUCT_BUNDLE_IDENTIFIER = com.Menaim.GithubUsers;
				PRODUCT_NAME = "$(TARGET_NAME)";
				SWIFT_EMIT_LOC_STRINGS = YES;
				SWIFT_VERSION = 5.0;
				TARGETED_DEVICE_FAMILY = "1,2";
			};
			name = Debug;
		};
		A2A54E2F2A48D8D600D1DD7C /* Release */ = {
			isa = XCBuildConfiguration;
			buildSettings = {
				ASSETCATALOG_COMPILER_APPICON_NAME = AppIcon;
				ASSETCATALOG_COMPILER_GLOBAL_ACCENT_COLOR_NAME = AccentColor;
				CODE_SIGN_STYLE = Automatic;
				CURRENT_PROJECT_VERSION = 1;
				DEVELOPMENT_ASSET_PATHS = "\"GithubUsers/Preview Content\"";
				DEVELOPMENT_TEAM = 6GY6SSRWWX;
				ENABLE_PREVIEWS = YES;
				GENERATE_INFOPLIST_FILE = YES;
				INFOPLIST_KEY_UIApplicationSceneManifest_Generation = YES;
				INFOPLIST_KEY_UIApplicationSupportsIndirectInputEvents = YES;
				INFOPLIST_KEY_UILaunchScreen_Generation = YES;
				INFOPLIST_KEY_UISupportedInterfaceOrientations_iPad = "UIInterfaceOrientationPortrait UIInterfaceOrientationPortraitUpsideDown UIInterfaceOrientationLandscapeLeft UIInterfaceOrientationLandscapeRight";
				INFOPLIST_KEY_UISupportedInterfaceOrientations_iPhone = "UIInterfaceOrientationPortrait UIInterfaceOrientationLandscapeLeft UIInterfaceOrientationLandscapeRight";
				INFOPLIST_KEY_UIUserInterfaceStyle = Dark;
				LD_RUNPATH_SEARCH_PATHS = (
					"$(inherited)",
					"@executable_path/Frameworks",
				);
				MARKETING_VERSION = 1.0;
				PRODUCT_BUNDLE_IDENTIFIER = com.Menaim.GithubUsers;
				PRODUCT_NAME = "$(TARGET_NAME)";
				SWIFT_EMIT_LOC_STRINGS = YES;
				SWIFT_VERSION = 5.0;
				TARGETED_DEVICE_FAMILY = "1,2";
			};
			name = Release;
		};
/* End XCBuildConfiguration section */

/* Begin XCConfigurationList section */
		A2A54E1A2A48D8D400D1DD7C /* Build configuration list for PBXProject "GithubUsers" */ = {
			isa = XCConfigurationList;
			buildConfigurations = (
				A2A54E2B2A48D8D600D1DD7C /* Debug */,
				A2A54E2C2A48D8D600D1DD7C /* Release */,
			);
			defaultConfigurationIsVisible = 0;
			defaultConfigurationName = Release;
		};
		A2A54E2D2A48D8D600D1DD7C /* Build configuration list for PBXNativeTarget "GithubUsers" */ = {
			isa = XCConfigurationList;
			buildConfigurations = (
				A2A54E2E2A48D8D600D1DD7C /* Debug */,
				A2A54E2F2A48D8D600D1DD7C /* Release */,
			);
			defaultConfigurationIsVisible = 0;
			defaultConfigurationName = Release;
		};
/* End XCConfigurationList section */
	};
	rootObject = A2A54E172A48D8D400D1DD7C /* Project object */;
}
