// !$*UTF8*$!
{
	archiveVersion = 1;
	classes = {
	};
	objectVersion = 56;
	objects = {

/* Begin PBXBuildFile section */
		A2365A9D2A73EB48003E8F44 /* RepositoriesAPIRequest.swift in Sources */ = {isa = PBXBuildFile; fileRef = A2365A9C2A73EB48003E8F44 /* RepositoriesAPIRequest.swift */; };
		A2365AA12A73EC82003E8F44 /* RepositoriesRepositoryProtocol.swift in Sources */ = {isa = PBXBuildFile; fileRef = A2365AA02A73EC82003E8F44 /* RepositoriesRepositoryProtocol.swift */; };
		A2365AA32A73EC8A003E8F44 /* RepositoriesRepository.swift in Sources */ = {isa = PBXBuildFile; fileRef = A2365AA22A73EC8A003E8F44 /* RepositoriesRepository.swift */; };
		A2365AA92A73FADA003E8F44 /* RepositoriesUseCaseProtocol.swift in Sources */ = {isa = PBXBuildFile; fileRef = A2365AA82A73FADA003E8F44 /* RepositoriesUseCaseProtocol.swift */; };
		A2365AAB2A73FAE0003E8F44 /* RepositoriesUseCase.swift in Sources */ = {isa = PBXBuildFile; fileRef = A2365AAA2A73FAE0003E8F44 /* RepositoriesUseCase.swift */; };
		A2365AAD2A73FB2F003E8F44 /* RepositoriesDataSourceProtocol.swift in Sources */ = {isa = PBXBuildFile; fileRef = A2365AAC2A73FB2F003E8F44 /* RepositoriesDataSourceProtocol.swift */; };
		A2365AAF2A73FB35003E8F44 /* RepositoriesDataSource.swift in Sources */ = {isa = PBXBuildFile; fileRef = A2365AAE2A73FB35003E8F44 /* RepositoriesDataSource.swift */; };
		A2365AB12A740907003E8F44 /* RepositoriesViewModelProtocol.swift in Sources */ = {isa = PBXBuildFile; fileRef = A2365AB02A740907003E8F44 /* RepositoriesViewModelProtocol.swift */; };
		A2365AB32A7449A6003E8F44 /* RepositoryCard.swift in Sources */ = {isa = PBXBuildFile; fileRef = A2365AB22A7449A6003E8F44 /* RepositoryCard.swift */; };
		A25B68482A77E6760038C1C7 /* Factory in Frameworks */ = {isa = PBXBuildFile; productRef = A25B68472A77E6760038C1C7 /* Factory */; };
		A25B684B2A77EC620038C1C7 /* UsersDIContainer.swift in Sources */ = {isa = PBXBuildFile; fileRef = A25B684A2A77EC620038C1C7 /* UsersDIContainer.swift */; };
		A26746092A76A7B20073EC21 /* UserRepositoriesViewModelProtocol.swift in Sources */ = {isa = PBXBuildFile; fileRef = A26746082A76A7B20073EC21 /* UserRepositoriesViewModelProtocol.swift */; };
		A274E1152A752D3E001A7D9B /* UserRepositoriesAPIRequest.swift in Sources */ = {isa = PBXBuildFile; fileRef = A274E1142A752D3E001A7D9B /* UserRepositoriesAPIRequest.swift */; };
		A274E1192A752FD7001A7D9B /* UserRepositoriesRepositoryProtocol.swift in Sources */ = {isa = PBXBuildFile; fileRef = A274E1182A752FD7001A7D9B /* UserRepositoriesRepositoryProtocol.swift */; };
		A274E11B2A752FE7001A7D9B /* UserRepositoriesRepository.swift in Sources */ = {isa = PBXBuildFile; fileRef = A274E11A2A752FE7001A7D9B /* UserRepositoriesRepository.swift */; };
		A274E1202A7533BE001A7D9B /* UserRepositoriesUseCaseProtocol.swift in Sources */ = {isa = PBXBuildFile; fileRef = A274E11F2A7533BE001A7D9B /* UserRepositoriesUseCaseProtocol.swift */; };
		A274E1222A7533CC001A7D9B /* UserRepositoriesDataSourceProtocol.swift in Sources */ = {isa = PBXBuildFile; fileRef = A274E1212A7533CC001A7D9B /* UserRepositoriesDataSourceProtocol.swift */; };
		A274E1242A7533D7001A7D9B /* UserRepositoriesUseCase.swift in Sources */ = {isa = PBXBuildFile; fileRef = A274E1232A7533D7001A7D9B /* UserRepositoriesUseCase.swift */; };
		A274E1262A7533E6001A7D9B /* UserRepositoriesDataSource.swift in Sources */ = {isa = PBXBuildFile; fileRef = A274E1252A7533E6001A7D9B /* UserRepositoriesDataSource.swift */; };
		A28891AD2A5F0901003B8AAB /* MockUserDetailsUseCase.swift in Sources */ = {isa = PBXBuildFile; fileRef = A28891AC2A5F0901003B8AAB /* MockUserDetailsUseCase.swift */; };
		A28891B32A5F0CD1003B8AAB /* MockUserDetailsDataSource.swift in Sources */ = {isa = PBXBuildFile; fileRef = A28891B22A5F0CD1003B8AAB /* MockUserDetailsDataSource.swift */; };
		A28891B52A5F0D41003B8AAB /* UserDetailsUseCaseTests.swift in Sources */ = {isa = PBXBuildFile; fileRef = A28891B42A5F0D41003B8AAB /* UserDetailsUseCaseTests.swift */; };
		A28891B72A5F1368003B8AAB /* UserDetailsViewModelTests.swift in Sources */ = {isa = PBXBuildFile; fileRef = A28891B62A5F1368003B8AAB /* UserDetailsViewModelTests.swift */; };
		A2920DA22A5049F0004FBC34 /* UserDetailsView.swift in Sources */ = {isa = PBXBuildFile; fileRef = A2920DA12A5049F0004FBC34 /* UserDetailsView.swift */; };
		A292460B2A643A1300E17E8B /* FollowersAPIRequest.swift in Sources */ = {isa = PBXBuildFile; fileRef = A292460A2A643A1300E17E8B /* FollowersAPIRequest.swift */; };
		A292460D2A643BF000E17E8B /* FollowersRepositoryProtocol.swift in Sources */ = {isa = PBXBuildFile; fileRef = A292460C2A643BF000E17E8B /* FollowersRepositoryProtocol.swift */; };
		A292460F2A643C7200E17E8B /* FollowersRepository.swift in Sources */ = {isa = PBXBuildFile; fileRef = A292460E2A643C7200E17E8B /* FollowersRepository.swift */; };
		A29246152A643F1E00E17E8B /* FollowersUseCaseProtocol.swift in Sources */ = {isa = PBXBuildFile; fileRef = A29246142A643F1E00E17E8B /* FollowersUseCaseProtocol.swift */; };
		A29246172A643F2400E17E8B /* FollowersUseCase.swift in Sources */ = {isa = PBXBuildFile; fileRef = A29246162A643F2400E17E8B /* FollowersUseCase.swift */; };
		A29246192A643F3E00E17E8B /* FollowersDataSourceProtocol.swift in Sources */ = {isa = PBXBuildFile; fileRef = A29246182A643F3E00E17E8B /* FollowersDataSourceProtocol.swift */; };
		A292461B2A643F4700E17E8B /* FollowersDataSource.swift in Sources */ = {isa = PBXBuildFile; fileRef = A292461A2A643F4700E17E8B /* FollowersDataSource.swift */; };
		A292461D2A6441FE00E17E8B /* FollowersViewModelProtocol.swift in Sources */ = {isa = PBXBuildFile; fileRef = A292461C2A6441FE00E17E8B /* FollowersViewModelProtocol.swift */; };
		A29342902A5D5E7C00372C15 /* MockUsersAPIClient.swift in Sources */ = {isa = PBXBuildFile; fileRef = A293428F2A5D5E7C00372C15 /* MockUsersAPIClient.swift */; };
		A293429C2A5D98A900372C15 /* UsersRepositoryTests.swift in Sources */ = {isa = PBXBuildFile; fileRef = A293429B2A5D98A900372C15 /* UsersRepositoryTests.swift */; };
		A29342A22A5DAEDE00372C15 /* MockUsersNetworkResponse.json in Resources */ = {isa = PBXBuildFile; fileRef = A29342A12A5DAEDE00372C15 /* MockUsersNetworkResponse.json */; };
		A29342A42A5DB5EB00372C15 /* MockUserDetailsNetworkResponse.json in Resources */ = {isa = PBXBuildFile; fileRef = A29342A32A5DB5EB00372C15 /* MockUserDetailsNetworkResponse.json */; };
		A29342A52A5DBB7000372C15 /* MockUsersNetworkResponse.json in Resources */ = {isa = PBXBuildFile; fileRef = A29342A12A5DAEDE00372C15 /* MockUsersNetworkResponse.json */; };
		A29342A62A5DBB7000372C15 /* MockUserDetailsNetworkResponse.json in Resources */ = {isa = PBXBuildFile; fileRef = A29342A32A5DB5EB00372C15 /* MockUserDetailsNetworkResponse.json */; };
		A29342AD2A5DC2D300372C15 /* UsersUseCaseTests.swift in Sources */ = {isa = PBXBuildFile; fileRef = A29342AC2A5DC2D300372C15 /* UsersUseCaseTests.swift */; };
		A29342AF2A5DCDA700372C15 /* MockUsersDataSource.swift in Sources */ = {isa = PBXBuildFile; fileRef = A29342AE2A5DCDA700372C15 /* MockUsersDataSource.swift */; };
		A29342B62A5DD57F00372C15 /* MockUsersRepository.swift in Sources */ = {isa = PBXBuildFile; fileRef = A29342B52A5DD57F00372C15 /* MockUsersRepository.swift */; };
		A29342B92A5DD5C100372C15 /* MockUsersUseCase.swift in Sources */ = {isa = PBXBuildFile; fileRef = A29342B82A5DD5C100372C15 /* MockUsersUseCase.swift */; };
		A29342BC2A5DD81600372C15 /* UsersViewModelTests.swift in Sources */ = {isa = PBXBuildFile; fileRef = A29342BB2A5DD81600372C15 /* UsersViewModelTests.swift */; };
		A29D64022A7B9ED20027DAA1 /* UserRepositoriesDIContainer.swift in Sources */ = {isa = PBXBuildFile; fileRef = A29D64012A7B9ED20027DAA1 /* UserRepositoriesDIContainer.swift */; };
		A29D64052A7BA4200027DAA1 /* FollowersDIContainer.swift in Sources */ = {isa = PBXBuildFile; fileRef = A29D64042A7BA4200027DAA1 /* FollowersDIContainer.swift */; };
		A2A41CE02A51B840005DB375 /* FollowersView.swift in Sources */ = {isa = PBXBuildFile; fileRef = A2A41CDF2A51B840005DB375 /* FollowersView.swift */; };
		A2A41CE22A51BC82005DB375 /* UserDetailsNetworkResponse.swift in Sources */ = {isa = PBXBuildFile; fileRef = A2A41CE12A51BC82005DB375 /* UserDetailsNetworkResponse.swift */; };
		A2A41CE52A52B083005DB375 /* ImagePlaceholderView.swift in Sources */ = {isa = PBXBuildFile; fileRef = A2A41CE42A52B083005DB375 /* ImagePlaceholderView.swift */; };
		A2A41CE72A52B15B005DB375 /* OptionView.swift in Sources */ = {isa = PBXBuildFile; fileRef = A2A41CE62A52B15B005DB375 /* OptionView.swift */; };
		A2A41CE92A53150E005DB375 /* UsersView.swift in Sources */ = {isa = PBXBuildFile; fileRef = A2A41CE82A53150E005DB375 /* UsersView.swift */; };
		A2A41CEB2A533034005DB375 /* CustomizedBackButton.swift in Sources */ = {isa = PBXBuildFile; fileRef = A2A41CEA2A533034005DB375 /* CustomizedBackButton.swift */; };
		A2A41CEE2A533680005DB375 /* FollowersAPIClient.swift in Sources */ = {isa = PBXBuildFile; fileRef = A2A41CED2A533680005DB375 /* FollowersAPIClient.swift */; };
		A2A41CF12A5336CD005DB375 /* FollowersNetworkResponse.swift in Sources */ = {isa = PBXBuildFile; fileRef = A2A41CF02A5336CD005DB375 /* FollowersNetworkResponse.swift */; };
		A2A41CF32A533BCE005DB375 /* FollowerCard.swift in Sources */ = {isa = PBXBuildFile; fileRef = A2A41CF22A533BCE005DB375 /* FollowerCard.swift */; };
		A2A41CF62A53F0C3005DB375 /* UserRepositoriesView.swift in Sources */ = {isa = PBXBuildFile; fileRef = A2A41CF52A53F0C3005DB375 /* UserRepositoriesView.swift */; };
		A2A41CF82A53F0D2005DB375 /* UserRepositoryCard.swift in Sources */ = {isa = PBXBuildFile; fileRef = A2A41CF72A53F0D1005DB375 /* UserRepositoryCard.swift */; };
		A2A41CFB2A53F10D005DB375 /* UserRepositoriesAPIClient.swift in Sources */ = {isa = PBXBuildFile; fileRef = A2A41CFA2A53F10D005DB375 /* UserRepositoriesAPIClient.swift */; };
		A2A41CFE2A53F128005DB375 /* UserRepositoriesNetworkResponse.swift in Sources */ = {isa = PBXBuildFile; fileRef = A2A41CFD2A53F128005DB375 /* UserRepositoriesNetworkResponse.swift */; };
		A2A41D012A541B03005DB375 /* String+Extensions.swift in Sources */ = {isa = PBXBuildFile; fileRef = A2A41D002A541B03005DB375 /* String+Extensions.swift */; };
		A2A41D042A543BAD005DB375 /* RepositoriesView.swift in Sources */ = {isa = PBXBuildFile; fileRef = A2A41D032A543BAD005DB375 /* RepositoriesView.swift */; };
		A2A41D062A543E46005DB375 /* SearchNoResultsView.swift in Sources */ = {isa = PBXBuildFile; fileRef = A2A41D052A543E46005DB375 /* SearchNoResultsView.swift */; };
		A2A41D082A547253005DB375 /* RepositoriesAPIClient.swift in Sources */ = {isa = PBXBuildFile; fileRef = A2A41D072A547253005DB375 /* RepositoriesAPIClient.swift */; };
		A2A41D0A2A5472BE005DB375 /* RepositoriesNetworkResponse.swift in Sources */ = {isa = PBXBuildFile; fileRef = A2A41D092A5472BE005DB375 /* RepositoriesNetworkResponse.swift */; };
		A2A41D0F2A548725005DB375 /* UsersViewModel.swift in Sources */ = {isa = PBXBuildFile; fileRef = A2A41D0E2A548725005DB375 /* UsersViewModel.swift */; };
		A2A41D122A5493ED005DB375 /* FollowersViewModel.swift in Sources */ = {isa = PBXBuildFile; fileRef = A2A41D112A5493ED005DB375 /* FollowersViewModel.swift */; };
		A2A54E232A48D8D500D1DD7C /* GithubUsersApp.swift in Sources */ = {isa = PBXBuildFile; fileRef = A2A54E222A48D8D500D1DD7C /* GithubUsersApp.swift */; };
		A2A54E272A48D8D600D1DD7C /* Assets.xcassets in Resources */ = {isa = PBXBuildFile; fileRef = A2A54E262A48D8D600D1DD7C /* Assets.xcassets */; };
		A2A54E2A2A48D8D600D1DD7C /* Preview Assets.xcassets in Resources */ = {isa = PBXBuildFile; fileRef = A2A54E292A48D8D600D1DD7C /* Preview Assets.xcassets */; };
		A2A54E312A48D9A200D1DD7C /* UserCard.swift in Sources */ = {isa = PBXBuildFile; fileRef = A2A54E302A48D9A200D1DD7C /* UserCard.swift */; };
		A2A54E362A48DBBB00D1DD7C /* UsersAPIClient.swift in Sources */ = {isa = PBXBuildFile; fileRef = A2A54E352A48DBBB00D1DD7C /* UsersAPIClient.swift */; };
		A2A54E382A48DC0700D1DD7C /* UserNetworkResponse.swift in Sources */ = {isa = PBXBuildFile; fileRef = A2A54E372A48DC0700D1DD7C /* UserNetworkResponse.swift */; };
		A2AF62DE2A556C4C00DD2148 /* RepositoriesViewModel.swift in Sources */ = {isa = PBXBuildFile; fileRef = A2AF62DD2A556C4C00DD2148 /* RepositoriesViewModel.swift */; };
		A2AF62E22A557E7000DD2148 /* UserDetailsViewModel.swift in Sources */ = {isa = PBXBuildFile; fileRef = A2AF62E12A557E7000DD2148 /* UserDetailsViewModel.swift */; };
		A2AF62E62A55939200DD2148 /* UserRepositoriesViewModel.swift in Sources */ = {isa = PBXBuildFile; fileRef = A2AF62E52A55939200DD2148 /* UserRepositoriesViewModel.swift */; };
		A2AF62EC2A55973600DD2148 /* HomeView.swift in Sources */ = {isa = PBXBuildFile; fileRef = A2AF62EB2A55973600DD2148 /* HomeView.swift */; };
		A2AF62F82A55A42700DD2148 /* UsersUseCase.swift in Sources */ = {isa = PBXBuildFile; fileRef = A2AF62F72A55A42700DD2148 /* UsersUseCase.swift */; };
		A2AF62FA2A55BE1100DD2148 /* BaseAPIClient.swift in Sources */ = {isa = PBXBuildFile; fileRef = A2AF62F92A55BE1100DD2148 /* BaseAPIClient.swift */; };
		A2AF62FC2A55BF5100DD2148 /* APIRequestConfiguration.swift in Sources */ = {isa = PBXBuildFile; fileRef = A2AF62FB2A55BF5100DD2148 /* APIRequestConfiguration.swift */; };
		A2AF62FE2A55C17500DD2148 /* Dictionary+Extensions.swift in Sources */ = {isa = PBXBuildFile; fileRef = A2AF62FD2A55C17500DD2148 /* Dictionary+Extensions.swift */; };
		A2AF63002A55C53900DD2148 /* Print+Extensions.swift in Sources */ = {isa = PBXBuildFile; fileRef = A2AF62FF2A55C53900DD2148 /* Print+Extensions.swift */; };
		A2AF63022A55C73000DD2148 /* BaseAPIRequest.swift in Sources */ = {isa = PBXBuildFile; fileRef = A2AF63012A55C73000DD2148 /* BaseAPIRequest.swift */; };
		A2AF63052A55CB1B00DD2148 /* UsersAPIRequest.swift in Sources */ = {isa = PBXBuildFile; fileRef = A2AF63042A55CB1B00DD2148 /* UsersAPIRequest.swift */; };
		A2AF63082A56934C00DD2148 /* UsersRepository.swift in Sources */ = {isa = PBXBuildFile; fileRef = A2AF63072A56934C00DD2148 /* UsersRepository.swift */; };
		A2AF630A2A56935A00DD2148 /* UsersRepositoryProtocol.swift in Sources */ = {isa = PBXBuildFile; fileRef = A2AF63092A56935A00DD2148 /* UsersRepositoryProtocol.swift */; };
		A2AF630D2A56A48E00DD2148 /* SessionDataTaskError.swift in Sources */ = {isa = PBXBuildFile; fileRef = A2AF630C2A56A48E00DD2148 /* SessionDataTaskError.swift */; };
		A2AF63102A56A7D100DD2148 /* UsersDataSourceProtocol.swift in Sources */ = {isa = PBXBuildFile; fileRef = A2AF630F2A56A7D100DD2148 /* UsersDataSourceProtocol.swift */; };
		A2AF63122A56A7EA00DD2148 /* UsersDataSource.swift in Sources */ = {isa = PBXBuildFile; fileRef = A2AF63112A56A7EA00DD2148 /* UsersDataSource.swift */; };
		A2BBD3C22A793A3B0041F36D /* UserDetailsDIContainer.swift in Sources */ = {isa = PBXBuildFile; fileRef = A2BBD3C12A793A3B0041F36D /* UserDetailsDIContainer.swift */; };
		A2BBD3C52A793BA80041F36D /* RepositoriesDIContainer.swift in Sources */ = {isa = PBXBuildFile; fileRef = A2BBD3C42A793BA80041F36D /* RepositoriesDIContainer.swift */; };
		A2C9DBC82A5808250014A5DE /* UsersUseCaseProtocol.swift in Sources */ = {isa = PBXBuildFile; fileRef = A2C9DBC72A5808250014A5DE /* UsersUseCaseProtocol.swift */; };
		A2C9DBCA2A5808580014A5DE /* UsersViewModelProtocol.swift in Sources */ = {isa = PBXBuildFile; fileRef = A2C9DBC92A5808580014A5DE /* UsersViewModelProtocol.swift */; };
		A2C9DBCD2A5809D60014A5DE /* RepositoryError.swift in Sources */ = {isa = PBXBuildFile; fileRef = A2C9DBCC2A5809D60014A5DE /* RepositoryError.swift */; };
		A2C9DBD32A5813550014A5DE /* UserDetailsUseCaseProtocol.swift in Sources */ = {isa = PBXBuildFile; fileRef = A2C9DBD22A5813550014A5DE /* UserDetailsUseCaseProtocol.swift */; };
		A2C9DBD52A58135A0014A5DE /* UserDetailsUseCase.swift in Sources */ = {isa = PBXBuildFile; fileRef = A2C9DBD42A58135A0014A5DE /* UserDetailsUseCase.swift */; };
		A2C9DBD72A5816DF0014A5DE /* UserDetailsDataSourceProtocol.swift in Sources */ = {isa = PBXBuildFile; fileRef = A2C9DBD62A5816DF0014A5DE /* UserDetailsDataSourceProtocol.swift */; };
		A2C9DBD92A5816E30014A5DE /* UserDetailsDataSource.swift in Sources */ = {isa = PBXBuildFile; fileRef = A2C9DBD82A5816E30014A5DE /* UserDetailsDataSource.swift */; };
		A2C9DBDB2A5827670014A5DE /* UserDetailsViewModelProtocol.swift in Sources */ = {isa = PBXBuildFile; fileRef = A2C9DBDA2A5827670014A5DE /* UserDetailsViewModelProtocol.swift */; };
/* End PBXBuildFile section */

/* Begin PBXContainerItemProxy section */
		A29342912A5D5E7C00372C15 /* PBXContainerItemProxy */ = {
			isa = PBXContainerItemProxy;
			containerPortal = A2A54E172A48D8D400D1DD7C /* Project object */;
			proxyType = 1;
			remoteGlobalIDString = A2A54E1E2A48D8D500D1DD7C;
			remoteInfo = GithubUsers;
		};
/* End PBXContainerItemProxy section */

/* Begin PBXFileReference section */
		A2365A9C2A73EB48003E8F44 /* RepositoriesAPIRequest.swift */ = {isa = PBXFileReference; lastKnownFileType = sourcecode.swift; path = RepositoriesAPIRequest.swift; sourceTree = "<group>"; };
		A2365AA02A73EC82003E8F44 /* RepositoriesRepositoryProtocol.swift */ = {isa = PBXFileReference; lastKnownFileType = sourcecode.swift; path = RepositoriesRepositoryProtocol.swift; sourceTree = "<group>"; };
		A2365AA22A73EC8A003E8F44 /* RepositoriesRepository.swift */ = {isa = PBXFileReference; lastKnownFileType = sourcecode.swift; path = RepositoriesRepository.swift; sourceTree = "<group>"; };
		A2365AA82A73FADA003E8F44 /* RepositoriesUseCaseProtocol.swift */ = {isa = PBXFileReference; lastKnownFileType = sourcecode.swift; path = RepositoriesUseCaseProtocol.swift; sourceTree = "<group>"; };
		A2365AAA2A73FAE0003E8F44 /* RepositoriesUseCase.swift */ = {isa = PBXFileReference; lastKnownFileType = sourcecode.swift; path = RepositoriesUseCase.swift; sourceTree = "<group>"; };
		A2365AAC2A73FB2F003E8F44 /* RepositoriesDataSourceProtocol.swift */ = {isa = PBXFileReference; lastKnownFileType = sourcecode.swift; path = RepositoriesDataSourceProtocol.swift; sourceTree = "<group>"; };
		A2365AAE2A73FB35003E8F44 /* RepositoriesDataSource.swift */ = {isa = PBXFileReference; lastKnownFileType = sourcecode.swift; path = RepositoriesDataSource.swift; sourceTree = "<group>"; };
		A2365AB02A740907003E8F44 /* RepositoriesViewModelProtocol.swift */ = {isa = PBXFileReference; lastKnownFileType = sourcecode.swift; path = RepositoriesViewModelProtocol.swift; sourceTree = "<group>"; };
		A2365AB22A7449A6003E8F44 /* RepositoryCard.swift */ = {isa = PBXFileReference; lastKnownFileType = sourcecode.swift; path = RepositoryCard.swift; sourceTree = "<group>"; };
		A25B684A2A77EC620038C1C7 /* UsersDIContainer.swift */ = {isa = PBXFileReference; lastKnownFileType = sourcecode.swift; path = UsersDIContainer.swift; sourceTree = "<group>"; };
		A26746082A76A7B20073EC21 /* UserRepositoriesViewModelProtocol.swift */ = {isa = PBXFileReference; lastKnownFileType = sourcecode.swift; path = UserRepositoriesViewModelProtocol.swift; sourceTree = "<group>"; };
		A274E1142A752D3E001A7D9B /* UserRepositoriesAPIRequest.swift */ = {isa = PBXFileReference; lastKnownFileType = sourcecode.swift; path = UserRepositoriesAPIRequest.swift; sourceTree = "<group>"; };
		A274E1182A752FD7001A7D9B /* UserRepositoriesRepositoryProtocol.swift */ = {isa = PBXFileReference; lastKnownFileType = sourcecode.swift; path = UserRepositoriesRepositoryProtocol.swift; sourceTree = "<group>"; };
		A274E11A2A752FE7001A7D9B /* UserRepositoriesRepository.swift */ = {isa = PBXFileReference; lastKnownFileType = sourcecode.swift; path = UserRepositoriesRepository.swift; sourceTree = "<group>"; };
		A274E11F2A7533BE001A7D9B /* UserRepositoriesUseCaseProtocol.swift */ = {isa = PBXFileReference; lastKnownFileType = sourcecode.swift; path = UserRepositoriesUseCaseProtocol.swift; sourceTree = "<group>"; };
		A274E1212A7533CC001A7D9B /* UserRepositoriesDataSourceProtocol.swift */ = {isa = PBXFileReference; lastKnownFileType = sourcecode.swift; path = UserRepositoriesDataSourceProtocol.swift; sourceTree = "<group>"; };
		A274E1232A7533D7001A7D9B /* UserRepositoriesUseCase.swift */ = {isa = PBXFileReference; lastKnownFileType = sourcecode.swift; path = UserRepositoriesUseCase.swift; sourceTree = "<group>"; };
		A274E1252A7533E6001A7D9B /* UserRepositoriesDataSource.swift */ = {isa = PBXFileReference; lastKnownFileType = sourcecode.swift; path = UserRepositoriesDataSource.swift; sourceTree = "<group>"; };
		A28891AC2A5F0901003B8AAB /* MockUserDetailsUseCase.swift */ = {isa = PBXFileReference; lastKnownFileType = sourcecode.swift; path = MockUserDetailsUseCase.swift; sourceTree = "<group>"; };
		A28891B22A5F0CD1003B8AAB /* MockUserDetailsDataSource.swift */ = {isa = PBXFileReference; lastKnownFileType = sourcecode.swift; path = MockUserDetailsDataSource.swift; sourceTree = "<group>"; };
		A28891B42A5F0D41003B8AAB /* UserDetailsUseCaseTests.swift */ = {isa = PBXFileReference; lastKnownFileType = sourcecode.swift; path = UserDetailsUseCaseTests.swift; sourceTree = "<group>"; };
		A28891B62A5F1368003B8AAB /* UserDetailsViewModelTests.swift */ = {isa = PBXFileReference; lastKnownFileType = sourcecode.swift; path = UserDetailsViewModelTests.swift; sourceTree = "<group>"; };
		A2920DA12A5049F0004FBC34 /* UserDetailsView.swift */ = {isa = PBXFileReference; lastKnownFileType = sourcecode.swift; path = UserDetailsView.swift; sourceTree = "<group>"; };
		A292460A2A643A1300E17E8B /* FollowersAPIRequest.swift */ = {isa = PBXFileReference; lastKnownFileType = sourcecode.swift; path = FollowersAPIRequest.swift; sourceTree = "<group>"; };
		A292460C2A643BF000E17E8B /* FollowersRepositoryProtocol.swift */ = {isa = PBXFileReference; lastKnownFileType = sourcecode.swift; path = FollowersRepositoryProtocol.swift; sourceTree = "<group>"; };
		A292460E2A643C7200E17E8B /* FollowersRepository.swift */ = {isa = PBXFileReference; lastKnownFileType = sourcecode.swift; path = FollowersRepository.swift; sourceTree = "<group>"; };
		A29246142A643F1E00E17E8B /* FollowersUseCaseProtocol.swift */ = {isa = PBXFileReference; lastKnownFileType = sourcecode.swift; path = FollowersUseCaseProtocol.swift; sourceTree = "<group>"; };
		A29246162A643F2400E17E8B /* FollowersUseCase.swift */ = {isa = PBXFileReference; lastKnownFileType = sourcecode.swift; path = FollowersUseCase.swift; sourceTree = "<group>"; };
		A29246182A643F3E00E17E8B /* FollowersDataSourceProtocol.swift */ = {isa = PBXFileReference; lastKnownFileType = sourcecode.swift; path = FollowersDataSourceProtocol.swift; sourceTree = "<group>"; };
		A292461A2A643F4700E17E8B /* FollowersDataSource.swift */ = {isa = PBXFileReference; lastKnownFileType = sourcecode.swift; path = FollowersDataSource.swift; sourceTree = "<group>"; };
		A292461C2A6441FE00E17E8B /* FollowersViewModelProtocol.swift */ = {isa = PBXFileReference; lastKnownFileType = sourcecode.swift; path = FollowersViewModelProtocol.swift; sourceTree = "<group>"; };
		A293428D2A5D5E7C00372C15 /* GithubUsersTests.xctest */ = {isa = PBXFileReference; explicitFileType = wrapper.cfbundle; includeInIndex = 0; path = GithubUsersTests.xctest; sourceTree = BUILT_PRODUCTS_DIR; };
		A293428F2A5D5E7C00372C15 /* MockUsersAPIClient.swift */ = {isa = PBXFileReference; lastKnownFileType = sourcecode.swift; path = MockUsersAPIClient.swift; sourceTree = "<group>"; };
		A293429B2A5D98A900372C15 /* UsersRepositoryTests.swift */ = {isa = PBXFileReference; fileEncoding = 4; lastKnownFileType = sourcecode.swift; path = UsersRepositoryTests.swift; sourceTree = "<group>"; usesTabs = 0; };
		A29342A12A5DAEDE00372C15 /* MockUsersNetworkResponse.json */ = {isa = PBXFileReference; fileEncoding = 4; lastKnownFileType = text.json; path = MockUsersNetworkResponse.json; sourceTree = "<group>"; };
		A29342A32A5DB5EB00372C15 /* MockUserDetailsNetworkResponse.json */ = {isa = PBXFileReference; fileEncoding = 4; lastKnownFileType = text.json; path = MockUserDetailsNetworkResponse.json; sourceTree = "<group>"; };
		A29342AC2A5DC2D300372C15 /* UsersUseCaseTests.swift */ = {isa = PBXFileReference; lastKnownFileType = sourcecode.swift; path = UsersUseCaseTests.swift; sourceTree = "<group>"; };
		A29342AE2A5DCDA700372C15 /* MockUsersDataSource.swift */ = {isa = PBXFileReference; lastKnownFileType = sourcecode.swift; path = MockUsersDataSource.swift; sourceTree = "<group>"; };
		A29342B52A5DD57F00372C15 /* MockUsersRepository.swift */ = {isa = PBXFileReference; fileEncoding = 4; lastKnownFileType = sourcecode.swift; path = MockUsersRepository.swift; sourceTree = "<group>"; };
		A29342B82A5DD5C100372C15 /* MockUsersUseCase.swift */ = {isa = PBXFileReference; lastKnownFileType = sourcecode.swift; path = MockUsersUseCase.swift; sourceTree = "<group>"; };
		A29342BB2A5DD81600372C15 /* UsersViewModelTests.swift */ = {isa = PBXFileReference; lastKnownFileType = sourcecode.swift; path = UsersViewModelTests.swift; sourceTree = "<group>"; };
		A29D64012A7B9ED20027DAA1 /* UserRepositoriesDIContainer.swift */ = {isa = PBXFileReference; lastKnownFileType = sourcecode.swift; path = UserRepositoriesDIContainer.swift; sourceTree = "<group>"; };
		A29D64042A7BA4200027DAA1 /* FollowersDIContainer.swift */ = {isa = PBXFileReference; lastKnownFileType = sourcecode.swift; path = FollowersDIContainer.swift; sourceTree = "<group>"; };
		A2A41CDF2A51B840005DB375 /* FollowersView.swift */ = {isa = PBXFileReference; lastKnownFileType = sourcecode.swift; path = FollowersView.swift; sourceTree = "<group>"; };
		A2A41CE12A51BC82005DB375 /* UserDetailsNetworkResponse.swift */ = {isa = PBXFileReference; lastKnownFileType = sourcecode.swift; path = UserDetailsNetworkResponse.swift; sourceTree = "<group>"; };
		A2A41CE42A52B083005DB375 /* ImagePlaceholderView.swift */ = {isa = PBXFileReference; lastKnownFileType = sourcecode.swift; path = ImagePlaceholderView.swift; sourceTree = "<group>"; };
		A2A41CE62A52B15B005DB375 /* OptionView.swift */ = {isa = PBXFileReference; lastKnownFileType = sourcecode.swift; path = OptionView.swift; sourceTree = "<group>"; };
		A2A41CE82A53150E005DB375 /* UsersView.swift */ = {isa = PBXFileReference; lastKnownFileType = sourcecode.swift; path = UsersView.swift; sourceTree = "<group>"; };
		A2A41CEA2A533034005DB375 /* CustomizedBackButton.swift */ = {isa = PBXFileReference; lastKnownFileType = sourcecode.swift; path = CustomizedBackButton.swift; sourceTree = "<group>"; };
		A2A41CED2A533680005DB375 /* FollowersAPIClient.swift */ = {isa = PBXFileReference; lastKnownFileType = sourcecode.swift; path = FollowersAPIClient.swift; sourceTree = "<group>"; };
		A2A41CF02A5336CD005DB375 /* FollowersNetworkResponse.swift */ = {isa = PBXFileReference; lastKnownFileType = sourcecode.swift; path = FollowersNetworkResponse.swift; sourceTree = "<group>"; };
		A2A41CF22A533BCE005DB375 /* FollowerCard.swift */ = {isa = PBXFileReference; lastKnownFileType = sourcecode.swift; path = FollowerCard.swift; sourceTree = "<group>"; };
		A2A41CF52A53F0C3005DB375 /* UserRepositoriesView.swift */ = {isa = PBXFileReference; lastKnownFileType = sourcecode.swift; path = UserRepositoriesView.swift; sourceTree = "<group>"; };
		A2A41CF72A53F0D1005DB375 /* UserRepositoryCard.swift */ = {isa = PBXFileReference; lastKnownFileType = sourcecode.swift; path = UserRepositoryCard.swift; sourceTree = "<group>"; };
		A2A41CFA2A53F10D005DB375 /* UserRepositoriesAPIClient.swift */ = {isa = PBXFileReference; lastKnownFileType = sourcecode.swift; path = UserRepositoriesAPIClient.swift; sourceTree = "<group>"; };
		A2A41CFD2A53F128005DB375 /* UserRepositoriesNetworkResponse.swift */ = {isa = PBXFileReference; lastKnownFileType = sourcecode.swift; path = UserRepositoriesNetworkResponse.swift; sourceTree = "<group>"; };
		A2A41D002A541B03005DB375 /* String+Extensions.swift */ = {isa = PBXFileReference; lastKnownFileType = sourcecode.swift; path = "String+Extensions.swift"; sourceTree = "<group>"; };
		A2A41D032A543BAD005DB375 /* RepositoriesView.swift */ = {isa = PBXFileReference; lastKnownFileType = sourcecode.swift; path = RepositoriesView.swift; sourceTree = "<group>"; };
		A2A41D052A543E46005DB375 /* SearchNoResultsView.swift */ = {isa = PBXFileReference; lastKnownFileType = sourcecode.swift; path = SearchNoResultsView.swift; sourceTree = "<group>"; };
		A2A41D072A547253005DB375 /* RepositoriesAPIClient.swift */ = {isa = PBXFileReference; lastKnownFileType = sourcecode.swift; path = RepositoriesAPIClient.swift; sourceTree = "<group>"; };
		A2A41D092A5472BE005DB375 /* RepositoriesNetworkResponse.swift */ = {isa = PBXFileReference; lastKnownFileType = sourcecode.swift; path = RepositoriesNetworkResponse.swift; sourceTree = "<group>"; };
		A2A41D0E2A548725005DB375 /* UsersViewModel.swift */ = {isa = PBXFileReference; lastKnownFileType = sourcecode.swift; path = UsersViewModel.swift; sourceTree = "<group>"; };
		A2A41D112A5493ED005DB375 /* FollowersViewModel.swift */ = {isa = PBXFileReference; lastKnownFileType = sourcecode.swift; path = FollowersViewModel.swift; sourceTree = "<group>"; };
		A2A54E1F2A48D8D500D1DD7C /* GithubUsers.app */ = {isa = PBXFileReference; explicitFileType = wrapper.application; includeInIndex = 0; path = GithubUsers.app; sourceTree = BUILT_PRODUCTS_DIR; };
		A2A54E222A48D8D500D1DD7C /* GithubUsersApp.swift */ = {isa = PBXFileReference; lastKnownFileType = sourcecode.swift; path = GithubUsersApp.swift; sourceTree = "<group>"; };
		A2A54E262A48D8D600D1DD7C /* Assets.xcassets */ = {isa = PBXFileReference; lastKnownFileType = folder.assetcatalog; path = Assets.xcassets; sourceTree = "<group>"; };
		A2A54E292A48D8D600D1DD7C /* Preview Assets.xcassets */ = {isa = PBXFileReference; lastKnownFileType = folder.assetcatalog; path = "Preview Assets.xcassets"; sourceTree = "<group>"; };
		A2A54E302A48D9A200D1DD7C /* UserCard.swift */ = {isa = PBXFileReference; lastKnownFileType = sourcecode.swift; path = UserCard.swift; sourceTree = "<group>"; };
		A2A54E352A48DBBB00D1DD7C /* UsersAPIClient.swift */ = {isa = PBXFileReference; lastKnownFileType = sourcecode.swift; path = UsersAPIClient.swift; sourceTree = "<group>"; };
		A2A54E372A48DC0700D1DD7C /* UserNetworkResponse.swift */ = {isa = PBXFileReference; lastKnownFileType = sourcecode.swift; path = UserNetworkResponse.swift; sourceTree = "<group>"; };
		A2AF62DD2A556C4C00DD2148 /* RepositoriesViewModel.swift */ = {isa = PBXFileReference; lastKnownFileType = sourcecode.swift; path = RepositoriesViewModel.swift; sourceTree = "<group>"; };
		A2AF62E12A557E7000DD2148 /* UserDetailsViewModel.swift */ = {isa = PBXFileReference; lastKnownFileType = sourcecode.swift; path = UserDetailsViewModel.swift; sourceTree = "<group>"; };
		A2AF62E52A55939200DD2148 /* UserRepositoriesViewModel.swift */ = {isa = PBXFileReference; lastKnownFileType = sourcecode.swift; path = UserRepositoriesViewModel.swift; sourceTree = "<group>"; };
		A2AF62EB2A55973600DD2148 /* HomeView.swift */ = {isa = PBXFileReference; fileEncoding = 4; lastKnownFileType = sourcecode.swift; path = HomeView.swift; sourceTree = "<group>"; };
		A2AF62F72A55A42700DD2148 /* UsersUseCase.swift */ = {isa = PBXFileReference; lastKnownFileType = sourcecode.swift; path = UsersUseCase.swift; sourceTree = "<group>"; };
		A2AF62F92A55BE1100DD2148 /* BaseAPIClient.swift */ = {isa = PBXFileReference; lastKnownFileType = sourcecode.swift; path = BaseAPIClient.swift; sourceTree = "<group>"; };
		A2AF62FB2A55BF5100DD2148 /* APIRequestConfiguration.swift */ = {isa = PBXFileReference; lastKnownFileType = sourcecode.swift; path = APIRequestConfiguration.swift; sourceTree = "<group>"; };
		A2AF62FD2A55C17500DD2148 /* Dictionary+Extensions.swift */ = {isa = PBXFileReference; lastKnownFileType = sourcecode.swift; path = "Dictionary+Extensions.swift"; sourceTree = "<group>"; };
		A2AF62FF2A55C53900DD2148 /* Print+Extensions.swift */ = {isa = PBXFileReference; lastKnownFileType = sourcecode.swift; path = "Print+Extensions.swift"; sourceTree = "<group>"; };
		A2AF63012A55C73000DD2148 /* BaseAPIRequest.swift */ = {isa = PBXFileReference; lastKnownFileType = sourcecode.swift; path = BaseAPIRequest.swift; sourceTree = "<group>"; };
		A2AF63042A55CB1B00DD2148 /* UsersAPIRequest.swift */ = {isa = PBXFileReference; lastKnownFileType = sourcecode.swift; path = UsersAPIRequest.swift; sourceTree = "<group>"; };
		A2AF63072A56934C00DD2148 /* UsersRepository.swift */ = {isa = PBXFileReference; lastKnownFileType = sourcecode.swift; path = UsersRepository.swift; sourceTree = "<group>"; };
		A2AF63092A56935A00DD2148 /* UsersRepositoryProtocol.swift */ = {isa = PBXFileReference; lastKnownFileType = sourcecode.swift; path = UsersRepositoryProtocol.swift; sourceTree = "<group>"; };
		A2AF630C2A56A48E00DD2148 /* SessionDataTaskError.swift */ = {isa = PBXFileReference; lastKnownFileType = sourcecode.swift; path = SessionDataTaskError.swift; sourceTree = "<group>"; };
		A2AF630F2A56A7D100DD2148 /* UsersDataSourceProtocol.swift */ = {isa = PBXFileReference; lastKnownFileType = sourcecode.swift; path = UsersDataSourceProtocol.swift; sourceTree = "<group>"; };
		A2AF63112A56A7EA00DD2148 /* UsersDataSource.swift */ = {isa = PBXFileReference; lastKnownFileType = sourcecode.swift; path = UsersDataSource.swift; sourceTree = "<group>"; };
		A2BBD3C12A793A3B0041F36D /* UserDetailsDIContainer.swift */ = {isa = PBXFileReference; lastKnownFileType = sourcecode.swift; path = UserDetailsDIContainer.swift; sourceTree = "<group>"; };
		A2BBD3C42A793BA80041F36D /* RepositoriesDIContainer.swift */ = {isa = PBXFileReference; lastKnownFileType = sourcecode.swift; path = RepositoriesDIContainer.swift; sourceTree = "<group>"; };
		A2C9DBC72A5808250014A5DE /* UsersUseCaseProtocol.swift */ = {isa = PBXFileReference; lastKnownFileType = sourcecode.swift; path = UsersUseCaseProtocol.swift; sourceTree = "<group>"; };
		A2C9DBC92A5808580014A5DE /* UsersViewModelProtocol.swift */ = {isa = PBXFileReference; lastKnownFileType = sourcecode.swift; path = UsersViewModelProtocol.swift; sourceTree = "<group>"; };
		A2C9DBCC2A5809D60014A5DE /* RepositoryError.swift */ = {isa = PBXFileReference; lastKnownFileType = sourcecode.swift; path = RepositoryError.swift; sourceTree = "<group>"; };
		A2C9DBD22A5813550014A5DE /* UserDetailsUseCaseProtocol.swift */ = {isa = PBXFileReference; lastKnownFileType = sourcecode.swift; path = UserDetailsUseCaseProtocol.swift; sourceTree = "<group>"; };
		A2C9DBD42A58135A0014A5DE /* UserDetailsUseCase.swift */ = {isa = PBXFileReference; lastKnownFileType = sourcecode.swift; path = UserDetailsUseCase.swift; sourceTree = "<group>"; };
		A2C9DBD62A5816DF0014A5DE /* UserDetailsDataSourceProtocol.swift */ = {isa = PBXFileReference; lastKnownFileType = sourcecode.swift; path = UserDetailsDataSourceProtocol.swift; sourceTree = "<group>"; };
		A2C9DBD82A5816E30014A5DE /* UserDetailsDataSource.swift */ = {isa = PBXFileReference; lastKnownFileType = sourcecode.swift; path = UserDetailsDataSource.swift; sourceTree = "<group>"; };
		A2C9DBDA2A5827670014A5DE /* UserDetailsViewModelProtocol.swift */ = {isa = PBXFileReference; lastKnownFileType = sourcecode.swift; path = UserDetailsViewModelProtocol.swift; sourceTree = "<group>"; };
/* End PBXFileReference section */

/* Begin PBXFrameworksBuildPhase section */
		A293428A2A5D5E7C00372C15 /* Frameworks */ = {
			isa = PBXFrameworksBuildPhase;
			buildActionMask = 2147483647;
			files = (
			);
			runOnlyForDeploymentPostprocessing = 0;
		};
		A2A54E1C2A48D8D500D1DD7C /* Frameworks */ = {
			isa = PBXFrameworksBuildPhase;
			buildActionMask = 2147483647;
			files = (
				A25B68482A77E6760038C1C7 /* Factory in Frameworks */,
			);
			runOnlyForDeploymentPostprocessing = 0;
		};
/* End PBXFrameworksBuildPhase section */

/* Begin PBXGroup section */
		A2365A9E2A73EC52003E8F44 /* Network */ = {
			isa = PBXGroup;
			children = (
				A2AF62EF2A5597C400DD2148 /* Network */,
				A2365A9F2A73EC5A003E8F44 /* Repository */,
			);
			path = Network;
			sourceTree = "<group>";
		};
		A2365A9F2A73EC5A003E8F44 /* Repository */ = {
			isa = PBXGroup;
			children = (
				A2365AA02A73EC82003E8F44 /* RepositoriesRepositoryProtocol.swift */,
				A2365AA22A73EC8A003E8F44 /* RepositoriesRepository.swift */,
			);
			path = Repository;
			sourceTree = "<group>";
		};
		A2365AA42A73FA63003E8F44 /* UserInterface */ = {
			isa = PBXGroup;
			children = (
				A2AF62DB2A556C1E00DD2148 /* ViewModel */,
				A2AF62DC2A556C2A00DD2148 /* Views */,
			);
			path = UserInterface;
			sourceTree = "<group>";
		};
		A2365AA52A73FA6F003E8F44 /* BusinessLogic */ = {
			isa = PBXGroup;
			children = (
				A2365AA72A73FA90003E8F44 /* UseCase */,
				A2365AA62A73FA7E003E8F44 /* DataSource */,
			);
			path = BusinessLogic;
			sourceTree = "<group>";
		};
		A2365AA62A73FA7E003E8F44 /* DataSource */ = {
			isa = PBXGroup;
			children = (
				A2365AAC2A73FB2F003E8F44 /* RepositoriesDataSourceProtocol.swift */,
				A2365AAE2A73FB35003E8F44 /* RepositoriesDataSource.swift */,
			);
			path = DataSource;
			sourceTree = "<group>";
		};
		A2365AA72A73FA90003E8F44 /* UseCase */ = {
			isa = PBXGroup;
			children = (
				A2365AA82A73FADA003E8F44 /* RepositoriesUseCaseProtocol.swift */,
				A2365AAA2A73FAE0003E8F44 /* RepositoriesUseCase.swift */,
			);
			path = UseCase;
			sourceTree = "<group>";
		};
		A25B68452A77D9140038C1C7 /* UserInterface */ = {
			isa = PBXGroup;
			children = (
				A2AF62E32A55931600DD2148 /* ViewModel */,
				A2AF62E42A55932100DD2148 /* Views */,
			);
			path = UserInterface;
			sourceTree = "<group>";
		};
		A25B68492A77EC490038C1C7 /* DI */ = {
			isa = PBXGroup;
			children = (
				A25B684A2A77EC620038C1C7 /* UsersDIContainer.swift */,
			);
			path = DI;
			sourceTree = "<group>";
		};
		A274E1162A752EF1001A7D9B /* Network */ = {
			isa = PBXGroup;
			children = (
				A2AF62F32A55989500DD2148 /* Network */,
				A274E1172A752EF9001A7D9B /* Repository */,
			);
			path = Network;
			sourceTree = "<group>";
		};
		A274E1172A752EF9001A7D9B /* Repository */ = {
			isa = PBXGroup;
			children = (
				A274E1182A752FD7001A7D9B /* UserRepositoriesRepositoryProtocol.swift */,
				A274E11A2A752FE7001A7D9B /* UserRepositoriesRepository.swift */,
			);
			path = Repository;
			sourceTree = "<group>";
		};
		A274E11C2A753273001A7D9B /* BusinessLogic */ = {
			isa = PBXGroup;
			children = (
				A274E11E2A753286001A7D9B /* UseCase */,
				A274E11D2A75327D001A7D9B /* DataSource */,
			);
			path = BusinessLogic;
			sourceTree = "<group>";
		};
		A274E11D2A75327D001A7D9B /* DataSource */ = {
			isa = PBXGroup;
			children = (
				A274E1212A7533CC001A7D9B /* UserRepositoriesDataSourceProtocol.swift */,
				A274E1252A7533E6001A7D9B /* UserRepositoriesDataSource.swift */,
			);
			path = DataSource;
			sourceTree = "<group>";
		};
		A274E11E2A753286001A7D9B /* UseCase */ = {
			isa = PBXGroup;
			children = (
				A274E11F2A7533BE001A7D9B /* UserRepositoriesUseCaseProtocol.swift */,
				A274E1232A7533D7001A7D9B /* UserRepositoriesUseCase.swift */,
			);
			path = UseCase;
			sourceTree = "<group>";
		};
		A28891A82A5EC9B4003B8AAB /* Users */ = {
			isa = PBXGroup;
			children = (
				A29342BA2A5DD7EB00372C15 /* UsersViewModel */,
				A29342A72A5DBFBA00372C15 /* UsersUseCase */,
				A29342B02A5DD4E300372C15 /* UsersRepository */,
			);
			path = Users;
			sourceTree = "<group>";
		};
		A28891A92A5EC9D5003B8AAB /* Users */ = {
			isa = PBXGroup;
			children = (
				A29342B72A5DD5AF00372C15 /* UsersUseCase */,
				A29342B12A5DD51100372C15 /* UsersAPIClient */,
				A29342B42A5DD56800372C15 /* UsersRepository */,
				A29342B32A5DD55D00372C15 /* UsersDataSource */,
			);
			path = Users;
			sourceTree = "<group>";
		};
		A28891AA2A5ECAF3003B8AAB /* UserDetails */ = {
			isa = PBXGroup;
			children = (
				A28891AB2A5EF21A003B8AAB /* UserDetailsUseCase */,
				A28891B12A5F0CB0003B8AAB /* UserDetailsDataSource */,
			);
			path = UserDetails;
			sourceTree = "<group>";
		};
		A28891AB2A5EF21A003B8AAB /* UserDetailsUseCase */ = {
			isa = PBXGroup;
			children = (
				A28891AC2A5F0901003B8AAB /* MockUserDetailsUseCase.swift */,
			);
			path = UserDetailsUseCase;
			sourceTree = "<group>";
		};
		A28891AE2A5F0B7A003B8AAB /* UserDetails */ = {
			isa = PBXGroup;
			children = (
				A28891AF2A5F0B92003B8AAB /* UserDetailsViewModel */,
				A28891B02A5F0B9C003B8AAB /* UserDetailsUseCase */,
			);
			path = UserDetails;
			sourceTree = "<group>";
		};
		A28891AF2A5F0B92003B8AAB /* UserDetailsViewModel */ = {
			isa = PBXGroup;
			children = (
				A28891B62A5F1368003B8AAB /* UserDetailsViewModelTests.swift */,
			);
			path = UserDetailsViewModel;
			sourceTree = "<group>";
		};
		A28891B02A5F0B9C003B8AAB /* UserDetailsUseCase */ = {
			isa = PBXGroup;
			children = (
				A28891B42A5F0D41003B8AAB /* UserDetailsUseCaseTests.swift */,
			);
			path = UserDetailsUseCase;
			sourceTree = "<group>";
		};
		A28891B12A5F0CB0003B8AAB /* UserDetailsDataSource */ = {
			isa = PBXGroup;
			children = (
				A28891B22A5F0CD1003B8AAB /* MockUserDetailsDataSource.swift */,
			);
			path = UserDetailsDataSource;
			sourceTree = "<group>";
		};
		A2920D9F2A5049AC004FBC34 /* Users */ = {
			isa = PBXGroup;
			children = (
				A2AF62F02A55980A00DD2148 /* Netwok */,
				A2AF62EE2A55976E00DD2148 /* Users */,
				A2920DA02A5049C4004FBC34 /* UserDetails */,
			);
			path = Users;
			sourceTree = "<group>";
		};
		A2920DA02A5049C4004FBC34 /* UserDetails */ = {
			isa = PBXGroup;
			children = (
				A2BBD3C02A793A1C0041F36D /* DI */,
				A2C9DBCF2A5812DD0014A5DE /* BusinessLogic */,
				A2C9DBCE2A5812C60014A5DE /* UserInterface */,
			);
			path = UserDetails;
			sourceTree = "<group>";
		};
		A29246082A6439EE00E17E8B /* Network */ = {
			isa = PBXGroup;
			children = (
				A2AF62F22A55984B00DD2148 /* Network */,
				A29246092A6439F500E17E8B /* Repository */,
			);
			path = Network;
			sourceTree = "<group>";
		};
		A29246092A6439F500E17E8B /* Repository */ = {
			isa = PBXGroup;
			children = (
				A292460C2A643BF000E17E8B /* FollowersRepositoryProtocol.swift */,
				A292460E2A643C7200E17E8B /* FollowersRepository.swift */,
			);
			path = Repository;
			sourceTree = "<group>";
		};
		A29246102A643EA000E17E8B /* UserInterface */ = {
			isa = PBXGroup;
			children = (
				A2AF62E72A5596E900DD2148 /* Views */,
				A2A41D102A5493DD005DB375 /* ViewModel */,
			);
			path = UserInterface;
			sourceTree = "<group>";
		};
		A29246112A643EDE00E17E8B /* BusinessLogic */ = {
			isa = PBXGroup;
			children = (
				A29246132A643EFA00E17E8B /* UseCase */,
				A29246122A643EEC00E17E8B /* DataSource */,
			);
			path = BusinessLogic;
			sourceTree = "<group>";
		};
		A29246122A643EEC00E17E8B /* DataSource */ = {
			isa = PBXGroup;
			children = (
				A29246182A643F3E00E17E8B /* FollowersDataSourceProtocol.swift */,
				A292461A2A643F4700E17E8B /* FollowersDataSource.swift */,
			);
			path = DataSource;
			sourceTree = "<group>";
		};
		A29246132A643EFA00E17E8B /* UseCase */ = {
			isa = PBXGroup;
			children = (
				A29246142A643F1E00E17E8B /* FollowersUseCaseProtocol.swift */,
				A29246162A643F2400E17E8B /* FollowersUseCase.swift */,
			);
			path = UseCase;
			sourceTree = "<group>";
		};
		A293428E2A5D5E7C00372C15 /* GithubUsersTests */ = {
			isa = PBXGroup;
			children = (
				A28891A82A5EC9B4003B8AAB /* Users */,
				A28891AE2A5F0B7A003B8AAB /* UserDetails */,
				A29342962A5D5F0C00372C15 /* Mocks */,
			);
			path = GithubUsersTests;
			sourceTree = "<group>";
		};
		A29342962A5D5F0C00372C15 /* Mocks */ = {
			isa = PBXGroup;
			children = (
				A29342B22A5DD52200372C15 /* UsersResponses */,
				A28891A92A5EC9D5003B8AAB /* Users */,
				A28891AA2A5ECAF3003B8AAB /* UserDetails */,
			);
			path = Mocks;
			sourceTree = "<group>";
		};
		A29342A72A5DBFBA00372C15 /* UsersUseCase */ = {
			isa = PBXGroup;
			children = (
				A29342AC2A5DC2D300372C15 /* UsersUseCaseTests.swift */,
			);
			path = UsersUseCase;
			sourceTree = "<group>";
		};
		A29342B02A5DD4E300372C15 /* UsersRepository */ = {
			isa = PBXGroup;
			children = (
				A293429B2A5D98A900372C15 /* UsersRepositoryTests.swift */,
			);
			path = UsersRepository;
			sourceTree = "<group>";
		};
		A29342B12A5DD51100372C15 /* UsersAPIClient */ = {
			isa = PBXGroup;
			children = (
				A293428F2A5D5E7C00372C15 /* MockUsersAPIClient.swift */,
			);
			path = UsersAPIClient;
			sourceTree = "<group>";
		};
		A29342B22A5DD52200372C15 /* UsersResponses */ = {
			isa = PBXGroup;
			children = (
				A29342A12A5DAEDE00372C15 /* MockUsersNetworkResponse.json */,
				A29342A32A5DB5EB00372C15 /* MockUserDetailsNetworkResponse.json */,
			);
			path = UsersResponses;
			sourceTree = "<group>";
		};
		A29342B32A5DD55D00372C15 /* UsersDataSource */ = {
			isa = PBXGroup;
			children = (
				A29342AE2A5DCDA700372C15 /* MockUsersDataSource.swift */,
			);
			path = UsersDataSource;
			sourceTree = "<group>";
		};
		A29342B42A5DD56800372C15 /* UsersRepository */ = {
			isa = PBXGroup;
			children = (
				A29342B52A5DD57F00372C15 /* MockUsersRepository.swift */,
			);
			path = UsersRepository;
			sourceTree = "<group>";
		};
		A29342B72A5DD5AF00372C15 /* UsersUseCase */ = {
			isa = PBXGroup;
			children = (
				A29342B82A5DD5C100372C15 /* MockUsersUseCase.swift */,
			);
			path = UsersUseCase;
			sourceTree = "<group>";
		};
		A29342BA2A5DD7EB00372C15 /* UsersViewModel */ = {
			isa = PBXGroup;
			children = (
				A29342BB2A5DD81600372C15 /* UsersViewModelTests.swift */,
			);
			path = UsersViewModel;
			sourceTree = "<group>";
		};
		A29D64002A7B9EBF0027DAA1 /* DI */ = {
			isa = PBXGroup;
			children = (
				A29D64012A7B9ED20027DAA1 /* UserRepositoriesDIContainer.swift */,
			);
			path = DI;
			sourceTree = "<group>";
		};
		A29D64032A7BA40C0027DAA1 /* DI */ = {
			isa = PBXGroup;
			children = (
				A29D64042A7BA4200027DAA1 /* FollowersDIContainer.swift */,
			);
			path = DI;
			sourceTree = "<group>";
		};
		A2A41CDE2A51B831005DB375 /* Followers */ = {
			isa = PBXGroup;
			children = (
				A29D64032A7BA40C0027DAA1 /* DI */,
				A29246082A6439EE00E17E8B /* Network */,
				A29246112A643EDE00E17E8B /* BusinessLogic */,
				A29246102A643EA000E17E8B /* UserInterface */,
			);
			path = Followers;
			sourceTree = "<group>";
		};
		A2A41CE32A52B06F005DB375 /* CommonViews */ = {
			isa = PBXGroup;
			children = (
				A2A41CE42A52B083005DB375 /* ImagePlaceholderView.swift */,
				A2A41CE62A52B15B005DB375 /* OptionView.swift */,
				A2A41CEA2A533034005DB375 /* CustomizedBackButton.swift */,
				A2A41D052A543E46005DB375 /* SearchNoResultsView.swift */,
			);
			path = CommonViews;
			sourceTree = "<group>";
		};
		A2A41CEF2A5336B4005DB375 /* Model */ = {
			isa = PBXGroup;
			children = (
				A2A41CF02A5336CD005DB375 /* FollowersNetworkResponse.swift */,
			);
			path = Model;
			sourceTree = "<group>";
		};
		A2A41CF42A53F0AD005DB375 /* UserRepositories */ = {
			isa = PBXGroup;
			children = (
				A29D64002A7B9EBF0027DAA1 /* DI */,
				A274E1162A752EF1001A7D9B /* Network */,
				A274E11C2A753273001A7D9B /* BusinessLogic */,
				A25B68452A77D9140038C1C7 /* UserInterface */,
			);
			path = UserRepositories;
			sourceTree = "<group>";
		};
		A2A41CFC2A53F111005DB375 /* Model */ = {
			isa = PBXGroup;
			children = (
				A2A41CFD2A53F128005DB375 /* UserRepositoriesNetworkResponse.swift */,
			);
			path = Model;
			sourceTree = "<group>";
		};
		A2A41CFF2A541AEE005DB375 /* Extensions */ = {
			isa = PBXGroup;
			children = (
				A2A41D002A541B03005DB375 /* String+Extensions.swift */,
				A2AF62FF2A55C53900DD2148 /* Print+Extensions.swift */,
				A2AF62FD2A55C17500DD2148 /* Dictionary+Extensions.swift */,
			);
			path = Extensions;
			sourceTree = "<group>";
		};
		A2A41D022A543B97005DB375 /* Repositories */ = {
			isa = PBXGroup;
			children = (
				A2BBD3C32A793B850041F36D /* DI */,
				A2365A9E2A73EC52003E8F44 /* Network */,
				A2365AA52A73FA6F003E8F44 /* BusinessLogic */,
				A2365AA42A73FA63003E8F44 /* UserInterface */,
			);
			path = Repositories;
			sourceTree = "<group>";
		};
		A2A41D0C2A54827A005DB375 /* Model */ = {
			isa = PBXGroup;
			children = (
				A2A41D092A5472BE005DB375 /* RepositoriesNetworkResponse.swift */,
			);
			path = Model;
			sourceTree = "<group>";
		};
		A2A41D0D2A548715005DB375 /* ViewModel */ = {
			isa = PBXGroup;
			children = (
				A2C9DBC92A5808580014A5DE /* UsersViewModelProtocol.swift */,
				A2A41D0E2A548725005DB375 /* UsersViewModel.swift */,
			);
			path = ViewModel;
			sourceTree = "<group>";
		};
		A2A41D102A5493DD005DB375 /* ViewModel */ = {
			isa = PBXGroup;
			children = (
				A292461C2A6441FE00E17E8B /* FollowersViewModelProtocol.swift */,
				A2A41D112A5493ED005DB375 /* FollowersViewModel.swift */,
			);
			path = ViewModel;
			sourceTree = "<group>";
		};
		A2A54E162A48D8D400D1DD7C = {
			isa = PBXGroup;
			children = (
				A2A54E212A48D8D500D1DD7C /* GithubUsers */,
				A293428E2A5D5E7C00372C15 /* GithubUsersTests */,
				A2A54E202A48D8D500D1DD7C /* Products */,
			);
			sourceTree = "<group>";
		};
		A2A54E202A48D8D500D1DD7C /* Products */ = {
			isa = PBXGroup;
			children = (
				A2A54E1F2A48D8D500D1DD7C /* GithubUsers.app */,
				A293428D2A5D5E7C00372C15 /* GithubUsersTests.xctest */,
			);
			name = Products;
			sourceTree = "<group>";
		};
		A2A54E212A48D8D500D1DD7C /* GithubUsers */ = {
			isa = PBXGroup;
			children = (
				A2AF62F42A5598FA00DD2148 /* Resources */,
				A2A54E332A48DB9E00D1DD7C /* Network */,
				A2A54E322A48DB9000D1DD7C /* Modules */,
				A2AF62F52A55991E00DD2148 /* Commons */,
			);
			path = GithubUsers;
			sourceTree = "<group>";
		};
		A2A54E282A48D8D600D1DD7C /* Preview Content */ = {
			isa = PBXGroup;
			children = (
				A2A54E292A48D8D600D1DD7C /* Preview Assets.xcassets */,
			);
			path = "Preview Content";
			sourceTree = "<group>";
		};
		A2A54E322A48DB9000D1DD7C /* Modules */ = {
			isa = PBXGroup;
			children = (
				A2AF62EA2A55971C00DD2148 /* Home */,
				A2920D9F2A5049AC004FBC34 /* Users */,
				A2A41D022A543B97005DB375 /* Repositories */,
				A2A41CF42A53F0AD005DB375 /* UserRepositories */,
				A2A41CDE2A51B831005DB375 /* Followers */,
			);
			path = Modules;
			sourceTree = "<group>";
		};
		A2A54E332A48DB9E00D1DD7C /* Network */ = {
			isa = PBXGroup;
			children = (
				A2AF62FB2A55BF5100DD2148 /* APIRequestConfiguration.swift */,
				A2C9DBCC2A5809D60014A5DE /* RepositoryError.swift */,
				A2AF63032A55C8EA00DD2148 /* Base */,
			);
			path = Network;
			sourceTree = "<group>";
		};
		A2AF62DB2A556C1E00DD2148 /* ViewModel */ = {
			isa = PBXGroup;
			children = (
				A2365AB02A740907003E8F44 /* RepositoriesViewModelProtocol.swift */,
				A2AF62DD2A556C4C00DD2148 /* RepositoriesViewModel.swift */,
			);
			path = ViewModel;
			sourceTree = "<group>";
		};
		A2AF62DC2A556C2A00DD2148 /* Views */ = {
			isa = PBXGroup;
			children = (
				A2A41D032A543BAD005DB375 /* RepositoriesView.swift */,
				A2365AB22A7449A6003E8F44 /* RepositoryCard.swift */,
			);
			path = Views;
			sourceTree = "<group>";
		};
		A2AF62DF2A557C4F00DD2148 /* Views */ = {
			isa = PBXGroup;
			children = (
				A2920DA12A5049F0004FBC34 /* UserDetailsView.swift */,
			);
			path = Views;
			sourceTree = "<group>";
		};
		A2AF62E02A557E6000DD2148 /* ViewModel */ = {
			isa = PBXGroup;
			children = (
				A2AF62E12A557E7000DD2148 /* UserDetailsViewModel.swift */,
				A2C9DBDA2A5827670014A5DE /* UserDetailsViewModelProtocol.swift */,
			);
			path = ViewModel;
			sourceTree = "<group>";
		};
		A2AF62E32A55931600DD2148 /* ViewModel */ = {
			isa = PBXGroup;
			children = (
				A26746082A76A7B20073EC21 /* UserRepositoriesViewModelProtocol.swift */,
				A2AF62E52A55939200DD2148 /* UserRepositoriesViewModel.swift */,
			);
			path = ViewModel;
			sourceTree = "<group>";
		};
		A2AF62E42A55932100DD2148 /* Views */ = {
			isa = PBXGroup;
			children = (
				A2A41CF52A53F0C3005DB375 /* UserRepositoriesView.swift */,
				A2A41CF72A53F0D1005DB375 /* UserRepositoryCard.swift */,
			);
			path = Views;
			sourceTree = "<group>";
		};
		A2AF62E72A5596E900DD2148 /* Views */ = {
			isa = PBXGroup;
			children = (
				A2A41CDF2A51B840005DB375 /* FollowersView.swift */,
				A2A41CF22A533BCE005DB375 /* FollowerCard.swift */,
			);
			path = Views;
			sourceTree = "<group>";
		};
		A2AF62EA2A55971C00DD2148 /* Home */ = {
			isa = PBXGroup;
			children = (
				A2A54E222A48D8D500D1DD7C /* GithubUsersApp.swift */,
				A2AF62EB2A55973600DD2148 /* HomeView.swift */,
			);
			path = Home;
			sourceTree = "<group>";
		};
		A2AF62ED2A55975C00DD2148 /* Views */ = {
			isa = PBXGroup;
			children = (
				A2A54E302A48D9A200D1DD7C /* UserCard.swift */,
				A2A41CE82A53150E005DB375 /* UsersView.swift */,
			);
			path = Views;
			sourceTree = "<group>";
		};
		A2AF62EE2A55976E00DD2148 /* Users */ = {
			isa = PBXGroup;
			children = (
				A25B68492A77EC490038C1C7 /* DI */,
				A2AF62F62A55A41500DD2148 /* BusinessLogic */,
				A2AF63132A56A83800DD2148 /* User Interface */,
			);
			path = Users;
			sourceTree = "<group>";
		};
		A2AF62EF2A5597C400DD2148 /* Network */ = {
			isa = PBXGroup;
			children = (
				A2A41D072A547253005DB375 /* RepositoriesAPIClient.swift */,
				A2365A9C2A73EB48003E8F44 /* RepositoriesAPIRequest.swift */,
				A2A41D0C2A54827A005DB375 /* Model */,
			);
			path = Network;
			sourceTree = "<group>";
		};
		A2AF62F02A55980A00DD2148 /* Netwok */ = {
			isa = PBXGroup;
			children = (
				A2AF630B2A56A45800DD2148 /* Network */,
				A2AF63062A56932300DD2148 /* Repository */,
			);
			path = Netwok;
			sourceTree = "<group>";
		};
		A2AF62F12A55981B00DD2148 /* Models */ = {
			isa = PBXGroup;
			children = (
				A2A54E372A48DC0700D1DD7C /* UserNetworkResponse.swift */,
				A2A41CE12A51BC82005DB375 /* UserDetailsNetworkResponse.swift */,
			);
			path = Models;
			sourceTree = "<group>";
		};
		A2AF62F22A55984B00DD2148 /* Network */ = {
			isa = PBXGroup;
			children = (
				A2A41CED2A533680005DB375 /* FollowersAPIClient.swift */,
				A292460A2A643A1300E17E8B /* FollowersAPIRequest.swift */,
				A2A41CEF2A5336B4005DB375 /* Model */,
			);
			path = Network;
			sourceTree = "<group>";
		};
		A2AF62F32A55989500DD2148 /* Network */ = {
			isa = PBXGroup;
			children = (
				A2A41CFA2A53F10D005DB375 /* UserRepositoriesAPIClient.swift */,
				A274E1142A752D3E001A7D9B /* UserRepositoriesAPIRequest.swift */,
				A2A41CFC2A53F111005DB375 /* Model */,
			);
			path = Network;
			sourceTree = "<group>";
		};
		A2AF62F42A5598FA00DD2148 /* Resources */ = {
			isa = PBXGroup;
			children = (
				A2A54E262A48D8D600D1DD7C /* Assets.xcassets */,
				A2A54E282A48D8D600D1DD7C /* Preview Content */,
			);
			path = Resources;
			sourceTree = "<group>";
		};
		A2AF62F52A55991E00DD2148 /* Commons */ = {
			isa = PBXGroup;
			children = (
				A2A41CE32A52B06F005DB375 /* CommonViews */,
				A2A41CFF2A541AEE005DB375 /* Extensions */,
			);
			path = Commons;
			sourceTree = "<group>";
		};
		A2AF62F62A55A41500DD2148 /* BusinessLogic */ = {
			isa = PBXGroup;
			children = (
				A2AF63142A56AA4800DD2148 /* UseCase */,
				A2AF630E2A56A7C200DD2148 /* DataSource */,
			);
			path = BusinessLogic;
			sourceTree = "<group>";
		};
		A2AF63032A55C8EA00DD2148 /* Base */ = {
			isa = PBXGroup;
			children = (
				A2AF62F92A55BE1100DD2148 /* BaseAPIClient.swift */,
				A2AF63012A55C73000DD2148 /* BaseAPIRequest.swift */,
				A2AF630C2A56A48E00DD2148 /* SessionDataTaskError.swift */,
			);
			path = Base;
			sourceTree = "<group>";
		};
		A2AF63062A56932300DD2148 /* Repository */ = {
			isa = PBXGroup;
			children = (
				A2AF63092A56935A00DD2148 /* UsersRepositoryProtocol.swift */,
				A2AF63072A56934C00DD2148 /* UsersRepository.swift */,
			);
			path = Repository;
			sourceTree = "<group>";
		};
		A2AF630B2A56A45800DD2148 /* Network */ = {
			isa = PBXGroup;
			children = (
				A2A54E352A48DBBB00D1DD7C /* UsersAPIClient.swift */,
				A2AF63042A55CB1B00DD2148 /* UsersAPIRequest.swift */,
				A2AF62F12A55981B00DD2148 /* Models */,
			);
			path = Network;
			sourceTree = "<group>";
		};
		A2AF630E2A56A7C200DD2148 /* DataSource */ = {
			isa = PBXGroup;
			children = (
				A2AF630F2A56A7D100DD2148 /* UsersDataSourceProtocol.swift */,
				A2AF63112A56A7EA00DD2148 /* UsersDataSource.swift */,
			);
			path = DataSource;
			sourceTree = "<group>";
		};
		A2AF63132A56A83800DD2148 /* User Interface */ = {
			isa = PBXGroup;
			children = (
				A2AF62ED2A55975C00DD2148 /* Views */,
				A2A41D0D2A548715005DB375 /* ViewModel */,
			);
			path = "User Interface";
			sourceTree = "<group>";
		};
		A2AF63142A56AA4800DD2148 /* UseCase */ = {
			isa = PBXGroup;
			children = (
				A2C9DBC72A5808250014A5DE /* UsersUseCaseProtocol.swift */,
				A2AF62F72A55A42700DD2148 /* UsersUseCase.swift */,
			);
			path = UseCase;
			sourceTree = "<group>";
		};
		A2BBD3C02A793A1C0041F36D /* DI */ = {
			isa = PBXGroup;
			children = (
				A2BBD3C12A793A3B0041F36D /* UserDetailsDIContainer.swift */,
			);
			path = DI;
			sourceTree = "<group>";
		};
		A2BBD3C32A793B850041F36D /* DI */ = {
			isa = PBXGroup;
			children = (
				A2BBD3C42A793BA80041F36D /* RepositoriesDIContainer.swift */,
			);
			path = DI;
			sourceTree = "<group>";
		};
		A2C9DBCE2A5812C60014A5DE /* UserInterface */ = {
			isa = PBXGroup;
			children = (
				A2AF62DF2A557C4F00DD2148 /* Views */,
				A2AF62E02A557E6000DD2148 /* ViewModel */,
			);
			path = UserInterface;
			sourceTree = "<group>";
		};
		A2C9DBCF2A5812DD0014A5DE /* BusinessLogic */ = {
			isa = PBXGroup;
			children = (
				A2C9DBD12A5813120014A5DE /* UseCase */,
				A2C9DBD02A5813050014A5DE /* DataSource */,
			);
			path = BusinessLogic;
			sourceTree = "<group>";
		};
		A2C9DBD02A5813050014A5DE /* DataSource */ = {
			isa = PBXGroup;
			children = (
				A2C9DBD62A5816DF0014A5DE /* UserDetailsDataSourceProtocol.swift */,
				A2C9DBD82A5816E30014A5DE /* UserDetailsDataSource.swift */,
			);
			path = DataSource;
			sourceTree = "<group>";
		};
		A2C9DBD12A5813120014A5DE /* UseCase */ = {
			isa = PBXGroup;
			children = (
				A2C9DBD22A5813550014A5DE /* UserDetailsUseCaseProtocol.swift */,
				A2C9DBD42A58135A0014A5DE /* UserDetailsUseCase.swift */,
			);
			path = UseCase;
			sourceTree = "<group>";
		};
/* End PBXGroup section */

/* Begin PBXNativeTarget section */
		A293428C2A5D5E7C00372C15 /* GithubUsersTests */ = {
			isa = PBXNativeTarget;
			buildConfigurationList = A29342952A5D5E7C00372C15 /* Build configuration list for PBXNativeTarget "GithubUsersTests" */;
			buildPhases = (
				A29342892A5D5E7C00372C15 /* Sources */,
				A293428A2A5D5E7C00372C15 /* Frameworks */,
				A293428B2A5D5E7C00372C15 /* Resources */,
			);
			buildRules = (
			);
			dependencies = (
				A29342922A5D5E7C00372C15 /* PBXTargetDependency */,
			);
			name = GithubUsersTests;
			productName = GithubUsersTests;
			productReference = A293428D2A5D5E7C00372C15 /* GithubUsersTests.xctest */;
			productType = "com.apple.product-type.bundle.unit-test";
		};
		A2A54E1E2A48D8D500D1DD7C /* GithubUsers */ = {
			isa = PBXNativeTarget;
			buildConfigurationList = A2A54E2D2A48D8D600D1DD7C /* Build configuration list for PBXNativeTarget "GithubUsers" */;
			buildPhases = (
				A2A54E1B2A48D8D500D1DD7C /* Sources */,
				A2A54E1C2A48D8D500D1DD7C /* Frameworks */,
				A2A54E1D2A48D8D500D1DD7C /* Resources */,
			);
			buildRules = (
			);
			dependencies = (
			);
			name = GithubUsers;
			packageProductDependencies = (
				A25B68472A77E6760038C1C7 /* Factory */,
			);
			productName = GithubUsers;
			productReference = A2A54E1F2A48D8D500D1DD7C /* GithubUsers.app */;
			productType = "com.apple.product-type.application";
		};
/* End PBXNativeTarget section */

/* Begin PBXProject section */
		A2A54E172A48D8D400D1DD7C /* Project object */ = {
			isa = PBXProject;
			attributes = {
				BuildIndependentTargetsInParallel = 1;
				LastSwiftUpdateCheck = 1420;
				LastUpgradeCheck = 1420;
				TargetAttributes = {
					A293428C2A5D5E7C00372C15 = {
						CreatedOnToolsVersion = 14.2;
						TestTargetID = A2A54E1E2A48D8D500D1DD7C;
					};
					A2A54E1E2A48D8D500D1DD7C = {
						CreatedOnToolsVersion = 14.2;
					};
				};
			};
			buildConfigurationList = A2A54E1A2A48D8D400D1DD7C /* Build configuration list for PBXProject "GithubUsers" */;
			compatibilityVersion = "Xcode 14.0";
			developmentRegion = en;
			hasScannedForEncodings = 0;
			knownRegions = (
				en,
				Base,
			);
			mainGroup = A2A54E162A48D8D400D1DD7C;
			packageReferences = (
				A25B68462A77E6760038C1C7 /* XCRemoteSwiftPackageReference "Factory" */,
			);
			productRefGroup = A2A54E202A48D8D500D1DD7C /* Products */;
			projectDirPath = "";
			projectRoot = "";
			targets = (
				A2A54E1E2A48D8D500D1DD7C /* GithubUsers */,
				A293428C2A5D5E7C00372C15 /* GithubUsersTests */,
			);
		};
/* End PBXProject section */

/* Begin PBXResourcesBuildPhase section */
		A293428B2A5D5E7C00372C15 /* Resources */ = {
			isa = PBXResourcesBuildPhase;
			buildActionMask = 2147483647;
			files = (
				A29342A22A5DAEDE00372C15 /* MockUsersNetworkResponse.json in Resources */,
				A29342A42A5DB5EB00372C15 /* MockUserDetailsNetworkResponse.json in Resources */,
			);
			runOnlyForDeploymentPostprocessing = 0;
		};
		A2A54E1D2A48D8D500D1DD7C /* Resources */ = {
			isa = PBXResourcesBuildPhase;
			buildActionMask = 2147483647;
			files = (
				A29342A52A5DBB7000372C15 /* MockUsersNetworkResponse.json in Resources */,
				A29342A62A5DBB7000372C15 /* MockUserDetailsNetworkResponse.json in Resources */,
				A2A54E2A2A48D8D600D1DD7C /* Preview Assets.xcassets in Resources */,
				A2A54E272A48D8D600D1DD7C /* Assets.xcassets in Resources */,
			);
			runOnlyForDeploymentPostprocessing = 0;
		};
/* End PBXResourcesBuildPhase section */

/* Begin PBXSourcesBuildPhase section */
		A29342892A5D5E7C00372C15 /* Sources */ = {
			isa = PBXSourcesBuildPhase;
			buildActionMask = 2147483647;
			files = (
				A29342AF2A5DCDA700372C15 /* MockUsersDataSource.swift in Sources */,
				A28891B52A5F0D41003B8AAB /* UserDetailsUseCaseTests.swift in Sources */,
				A29342BC2A5DD81600372C15 /* UsersViewModelTests.swift in Sources */,
				A29342AD2A5DC2D300372C15 /* UsersUseCaseTests.swift in Sources */,
				A29342B92A5DD5C100372C15 /* MockUsersUseCase.swift in Sources */,
				A29342B62A5DD57F00372C15 /* MockUsersRepository.swift in Sources */,
				A28891B32A5F0CD1003B8AAB /* MockUserDetailsDataSource.swift in Sources */,
				A28891B72A5F1368003B8AAB /* UserDetailsViewModelTests.swift in Sources */,
				A293429C2A5D98A900372C15 /* UsersRepositoryTests.swift in Sources */,
				A29342902A5D5E7C00372C15 /* MockUsersAPIClient.swift in Sources */,
				A28891AD2A5F0901003B8AAB /* MockUserDetailsUseCase.swift in Sources */,
			);
			runOnlyForDeploymentPostprocessing = 0;
		};
		A2A54E1B2A48D8D500D1DD7C /* Sources */ = {
			isa = PBXSourcesBuildPhase;
			buildActionMask = 2147483647;
			files = (
				A2C9DBD72A5816DF0014A5DE /* UserDetailsDataSourceProtocol.swift in Sources */,
				A2A41D042A543BAD005DB375 /* RepositoriesView.swift in Sources */,
				A29246192A643F3E00E17E8B /* FollowersDataSourceProtocol.swift in Sources */,
				A2365AB32A7449A6003E8F44 /* RepositoryCard.swift in Sources */,
				A274E11B2A752FE7001A7D9B /* UserRepositoriesRepository.swift in Sources */,
				A2A41D082A547253005DB375 /* RepositoriesAPIClient.swift in Sources */,
				A2A41D012A541B03005DB375 /* String+Extensions.swift in Sources */,
				A2AF62FC2A55BF5100DD2148 /* APIRequestConfiguration.swift in Sources */,
				A2AF62E62A55939200DD2148 /* UserRepositoriesViewModel.swift in Sources */,
				A2A41CE02A51B840005DB375 /* FollowersView.swift in Sources */,
				A292461B2A643F4700E17E8B /* FollowersDataSource.swift in Sources */,
				A2C9DBD32A5813550014A5DE /* UserDetailsUseCaseProtocol.swift in Sources */,
				A2BBD3C22A793A3B0041F36D /* UserDetailsDIContainer.swift in Sources */,
				A26746092A76A7B20073EC21 /* UserRepositoriesViewModelProtocol.swift in Sources */,
				A2AF62FA2A55BE1100DD2148 /* BaseAPIClient.swift in Sources */,
				A274E1202A7533BE001A7D9B /* UserRepositoriesUseCaseProtocol.swift in Sources */,
				A2AF63102A56A7D100DD2148 /* UsersDataSourceProtocol.swift in Sources */,
				A2A41CE22A51BC82005DB375 /* UserDetailsNetworkResponse.swift in Sources */,
				A2C9DBC82A5808250014A5DE /* UsersUseCaseProtocol.swift in Sources */,
				A2A41CE72A52B15B005DB375 /* OptionView.swift in Sources */,
				A29246152A643F1E00E17E8B /* FollowersUseCaseProtocol.swift in Sources */,
				A29246172A643F2400E17E8B /* FollowersUseCase.swift in Sources */,
				A2A41CF62A53F0C3005DB375 /* UserRepositoriesView.swift in Sources */,
				A2C9DBD52A58135A0014A5DE /* UserDetailsUseCase.swift in Sources */,
				A2365A9D2A73EB48003E8F44 /* RepositoriesAPIRequest.swift in Sources */,
				A2A54E312A48D9A200D1DD7C /* UserCard.swift in Sources */,
				A2365AA12A73EC82003E8F44 /* RepositoriesRepositoryProtocol.swift in Sources */,
				A2AF63022A55C73000DD2148 /* BaseAPIRequest.swift in Sources */,
				A2C9DBD92A5816E30014A5DE /* UserDetailsDataSource.swift in Sources */,
				A2A41CE52A52B083005DB375 /* ImagePlaceholderView.swift in Sources */,
				A292460F2A643C7200E17E8B /* FollowersRepository.swift in Sources */,
				A2365AAD2A73FB2F003E8F44 /* RepositoriesDataSourceProtocol.swift in Sources */,
				A2AF62F82A55A42700DD2148 /* UsersUseCase.swift in Sources */,
				A2AF630D2A56A48E00DD2148 /* SessionDataTaskError.swift in Sources */,
				A2A54E362A48DBBB00D1DD7C /* UsersAPIClient.swift in Sources */,
				A2A41CF12A5336CD005DB375 /* FollowersNetworkResponse.swift in Sources */,
				A2A41D122A5493ED005DB375 /* FollowersViewModel.swift in Sources */,
				A2AF62DE2A556C4C00DD2148 /* RepositoriesViewModel.swift in Sources */,
				A274E1152A752D3E001A7D9B /* UserRepositoriesAPIRequest.swift in Sources */,
				A2AF63002A55C53900DD2148 /* Print+Extensions.swift in Sources */,
				A274E1262A7533E6001A7D9B /* UserRepositoriesDataSource.swift in Sources */,
				A2AF62EC2A55973600DD2148 /* HomeView.swift in Sources */,
				A274E1222A7533CC001A7D9B /* UserRepositoriesDataSourceProtocol.swift in Sources */,
				A274E1192A752FD7001A7D9B /* UserRepositoriesRepositoryProtocol.swift in Sources */,
				A2C9DBCA2A5808580014A5DE /* UsersViewModelProtocol.swift in Sources */,
				A2365AAF2A73FB35003E8F44 /* RepositoriesDataSource.swift in Sources */,
				A2AF63052A55CB1B00DD2148 /* UsersAPIRequest.swift in Sources */,
				A292460B2A643A1300E17E8B /* FollowersAPIRequest.swift in Sources */,
				A2A54E232A48D8D500D1DD7C /* GithubUsersApp.swift in Sources */,
				A2365AA32A73EC8A003E8F44 /* RepositoriesRepository.swift in Sources */,
				A2A41CF32A533BCE005DB375 /* FollowerCard.swift in Sources */,
				A2A41CFB2A53F10D005DB375 /* UserRepositoriesAPIClient.swift in Sources */,
				A2A41CEE2A533680005DB375 /* FollowersAPIClient.swift in Sources */,
				A2AF62E22A557E7000DD2148 /* UserDetailsViewModel.swift in Sources */,
				A292461D2A6441FE00E17E8B /* FollowersViewModelProtocol.swift in Sources */,
				A2AF630A2A56935A00DD2148 /* UsersRepositoryProtocol.swift in Sources */,
				A2365AA92A73FADA003E8F44 /* RepositoriesUseCaseProtocol.swift in Sources */,
				A2A41CFE2A53F128005DB375 /* UserRepositoriesNetworkResponse.swift in Sources */,
				A2A41D062A543E46005DB375 /* SearchNoResultsView.swift in Sources */,
				A2365AB12A740907003E8F44 /* RepositoriesViewModelProtocol.swift in Sources */,
				A25B684B2A77EC620038C1C7 /* UsersDIContainer.swift in Sources */,
				A2AF63122A56A7EA00DD2148 /* UsersDataSource.swift in Sources */,
				A2A54E382A48DC0700D1DD7C /* UserNetworkResponse.swift in Sources */,
				A2A41D0F2A548725005DB375 /* UsersViewModel.swift in Sources */,
				A2A41CEB2A533034005DB375 /* CustomizedBackButton.swift in Sources */,
				A2A41CE92A53150E005DB375 /* UsersView.swift in Sources */,
				A29D64052A7BA4200027DAA1 /* FollowersDIContainer.swift in Sources */,
				A2BBD3C52A793BA80041F36D /* RepositoriesDIContainer.swift in Sources */,
				A2A41CF82A53F0D2005DB375 /* UserRepositoryCard.swift in Sources */,
				A2920DA22A5049F0004FBC34 /* UserDetailsView.swift in Sources */,
				A292460D2A643BF000E17E8B /* FollowersRepositoryProtocol.swift in Sources */,
				A2AF63082A56934C00DD2148 /* UsersRepository.swift in Sources */,
				A2C9DBDB2A5827670014A5DE /* UserDetailsViewModelProtocol.swift in Sources */,
				A2A41D0A2A5472BE005DB375 /* RepositoriesNetworkResponse.swift in Sources */,
				A29D64022A7B9ED20027DAA1 /* UserRepositoriesDIContainer.swift in Sources */,
				A2AF62FE2A55C17500DD2148 /* Dictionary+Extensions.swift in Sources */,
				A274E1242A7533D7001A7D9B /* UserRepositoriesUseCase.swift in Sources */,
				A2365AAB2A73FAE0003E8F44 /* RepositoriesUseCase.swift in Sources */,
				A2C9DBCD2A5809D60014A5DE /* RepositoryError.swift in Sources */,
			);
			runOnlyForDeploymentPostprocessing = 0;
		};
/* End PBXSourcesBuildPhase section */

/* Begin PBXTargetDependency section */
		A29342922A5D5E7C00372C15 /* PBXTargetDependency */ = {
			isa = PBXTargetDependency;
			target = A2A54E1E2A48D8D500D1DD7C /* GithubUsers */;
			targetProxy = A29342912A5D5E7C00372C15 /* PBXContainerItemProxy */;
		};
/* End PBXTargetDependency section */

/* Begin XCBuildConfiguration section */
		A29342932A5D5E7C00372C15 /* Debug */ = {
			isa = XCBuildConfiguration;
			buildSettings = {
				BUNDLE_LOADER = "$(TEST_HOST)";
				CODE_SIGN_STYLE = Automatic;
				CURRENT_PROJECT_VERSION = 1;
				DEVELOPMENT_TEAM = 6GY6SSRWWX;
				GENERATE_INFOPLIST_FILE = YES;
				IPHONEOS_DEPLOYMENT_TARGET = 16.2;
				MARKETING_VERSION = 1.0;
				PRODUCT_BUNDLE_IDENTIFIER = com.Menaim.GithubUsersTests;
				PRODUCT_NAME = "$(TARGET_NAME)";
				SWIFT_EMIT_LOC_STRINGS = NO;
				SWIFT_VERSION = 5.0;
				TARGETED_DEVICE_FAMILY = "1,2";
				TEST_HOST = "$(BUILT_PRODUCTS_DIR)/GithubUsers.app/$(BUNDLE_EXECUTABLE_FOLDER_PATH)/GithubUsers";
			};
			name = Debug;
		};
		A29342942A5D5E7C00372C15 /* Release */ = {
			isa = XCBuildConfiguration;
			buildSettings = {
				BUNDLE_LOADER = "$(TEST_HOST)";
				CODE_SIGN_STYLE = Automatic;
				CURRENT_PROJECT_VERSION = 1;
				DEVELOPMENT_TEAM = 6GY6SSRWWX;
				GENERATE_INFOPLIST_FILE = YES;
				IPHONEOS_DEPLOYMENT_TARGET = 16.2;
				MARKETING_VERSION = 1.0;
				PRODUCT_BUNDLE_IDENTIFIER = com.Menaim.GithubUsersTests;
				PRODUCT_NAME = "$(TARGET_NAME)";
				SWIFT_EMIT_LOC_STRINGS = NO;
				SWIFT_VERSION = 5.0;
				TARGETED_DEVICE_FAMILY = "1,2";
				TEST_HOST = "$(BUILT_PRODUCTS_DIR)/GithubUsers.app/$(BUNDLE_EXECUTABLE_FOLDER_PATH)/GithubUsers";
			};
			name = Release;
		};
		A2A54E2B2A48D8D600D1DD7C /* Debug */ = {
			isa = XCBuildConfiguration;
			buildSettings = {
				ALWAYS_SEARCH_USER_PATHS = NO;
				CLANG_ANALYZER_NONNULL = YES;
				CLANG_ANALYZER_NUMBER_OBJECT_CONVERSION = YES_AGGRESSIVE;
				CLANG_CXX_LANGUAGE_STANDARD = "gnu++20";
				CLANG_ENABLE_MODULES = YES;
				CLANG_ENABLE_OBJC_ARC = YES;
				CLANG_ENABLE_OBJC_WEAK = YES;
				CLANG_WARN_BLOCK_CAPTURE_AUTORELEASING = YES;
				CLANG_WARN_BOOL_CONVERSION = YES;
				CLANG_WARN_COMMA = YES;
				CLANG_WARN_CONSTANT_CONVERSION = YES;
				CLANG_WARN_DEPRECATED_OBJC_IMPLEMENTATIONS = YES;
				CLANG_WARN_DIRECT_OBJC_ISA_USAGE = YES_ERROR;
				CLANG_WARN_DOCUMENTATION_COMMENTS = YES;
				CLANG_WARN_EMPTY_BODY = YES;
				CLANG_WARN_ENUM_CONVERSION = YES;
				CLANG_WARN_INFINITE_RECURSION = YES;
				CLANG_WARN_INT_CONVERSION = YES;
				CLANG_WARN_NON_LITERAL_NULL_CONVERSION = YES;
				CLANG_WARN_OBJC_IMPLICIT_RETAIN_SELF = YES;
				CLANG_WARN_OBJC_LITERAL_CONVERSION = YES;
				CLANG_WARN_OBJC_ROOT_CLASS = YES_ERROR;
				CLANG_WARN_QUOTED_INCLUDE_IN_FRAMEWORK_HEADER = YES;
				CLANG_WARN_RANGE_LOOP_ANALYSIS = YES;
				CLANG_WARN_STRICT_PROTOTYPES = YES;
				CLANG_WARN_SUSPICIOUS_MOVE = YES;
				CLANG_WARN_UNGUARDED_AVAILABILITY = YES_AGGRESSIVE;
				CLANG_WARN_UNREACHABLE_CODE = YES;
				CLANG_WARN__DUPLICATE_METHOD_MATCH = YES;
				COPY_PHASE_STRIP = NO;
				DEBUG_INFORMATION_FORMAT = dwarf;
				ENABLE_STRICT_OBJC_MSGSEND = YES;
				ENABLE_TESTABILITY = YES;
				GCC_C_LANGUAGE_STANDARD = gnu11;
				GCC_DYNAMIC_NO_PIC = NO;
				GCC_NO_COMMON_BLOCKS = YES;
				GCC_OPTIMIZATION_LEVEL = 0;
				GCC_PREPROCESSOR_DEFINITIONS = (
					"DEBUG=1",
					"$(inherited)",
				);
				GCC_WARN_64_TO_32_BIT_CONVERSION = YES;
				GCC_WARN_ABOUT_RETURN_TYPE = YES_ERROR;
				GCC_WARN_UNDECLARED_SELECTOR = YES;
				GCC_WARN_UNINITIALIZED_AUTOS = YES_AGGRESSIVE;
				GCC_WARN_UNUSED_FUNCTION = YES;
				GCC_WARN_UNUSED_VARIABLE = YES;
				IPHONEOS_DEPLOYMENT_TARGET = 16.0;
				MTL_ENABLE_DEBUG_INFO = INCLUDE_SOURCE;
				MTL_FAST_MATH = YES;
				ONLY_ACTIVE_ARCH = YES;
				SDKROOT = iphoneos;
				SWIFT_ACTIVE_COMPILATION_CONDITIONS = DEBUG;
				SWIFT_OPTIMIZATION_LEVEL = "-Onone";
			};
			name = Debug;
		};
		A2A54E2C2A48D8D600D1DD7C /* Release */ = {
			isa = XCBuildConfiguration;
			buildSettings = {
				ALWAYS_SEARCH_USER_PATHS = NO;
				CLANG_ANALYZER_NONNULL = YES;
				CLANG_ANALYZER_NUMBER_OBJECT_CONVERSION = YES_AGGRESSIVE;
				CLANG_CXX_LANGUAGE_STANDARD = "gnu++20";
				CLANG_ENABLE_MODULES = YES;
				CLANG_ENABLE_OBJC_ARC = YES;
				CLANG_ENABLE_OBJC_WEAK = YES;
				CLANG_WARN_BLOCK_CAPTURE_AUTORELEASING = YES;
				CLANG_WARN_BOOL_CONVERSION = YES;
				CLANG_WARN_COMMA = YES;
				CLANG_WARN_CONSTANT_CONVERSION = YES;
				CLANG_WARN_DEPRECATED_OBJC_IMPLEMENTATIONS = YES;
				CLANG_WARN_DIRECT_OBJC_ISA_USAGE = YES_ERROR;
				CLANG_WARN_DOCUMENTATION_COMMENTS = YES;
				CLANG_WARN_EMPTY_BODY = YES;
				CLANG_WARN_ENUM_CONVERSION = YES;
				CLANG_WARN_INFINITE_RECURSION = YES;
				CLANG_WARN_INT_CONVERSION = YES;
				CLANG_WARN_NON_LITERAL_NULL_CONVERSION = YES;
				CLANG_WARN_OBJC_IMPLICIT_RETAIN_SELF = YES;
				CLANG_WARN_OBJC_LITERAL_CONVERSION = YES;
				CLANG_WARN_OBJC_ROOT_CLASS = YES_ERROR;
				CLANG_WARN_QUOTED_INCLUDE_IN_FRAMEWORK_HEADER = YES;
				CLANG_WARN_RANGE_LOOP_ANALYSIS = YES;
				CLANG_WARN_STRICT_PROTOTYPES = YES;
				CLANG_WARN_SUSPICIOUS_MOVE = YES;
				CLANG_WARN_UNGUARDED_AVAILABILITY = YES_AGGRESSIVE;
				CLANG_WARN_UNREACHABLE_CODE = YES;
				CLANG_WARN__DUPLICATE_METHOD_MATCH = YES;
				COPY_PHASE_STRIP = NO;
				DEBUG_INFORMATION_FORMAT = "dwarf-with-dsym";
				ENABLE_NS_ASSERTIONS = NO;
				ENABLE_STRICT_OBJC_MSGSEND = YES;
				GCC_C_LANGUAGE_STANDARD = gnu11;
				GCC_NO_COMMON_BLOCKS = YES;
				GCC_WARN_64_TO_32_BIT_CONVERSION = YES;
				GCC_WARN_ABOUT_RETURN_TYPE = YES_ERROR;
				GCC_WARN_UNDECLARED_SELECTOR = YES;
				GCC_WARN_UNINITIALIZED_AUTOS = YES_AGGRESSIVE;
				GCC_WARN_UNUSED_FUNCTION = YES;
				GCC_WARN_UNUSED_VARIABLE = YES;
				IPHONEOS_DEPLOYMENT_TARGET = 16.0;
				MTL_ENABLE_DEBUG_INFO = NO;
				MTL_FAST_MATH = YES;
				SDKROOT = iphoneos;
				SWIFT_COMPILATION_MODE = wholemodule;
				SWIFT_OPTIMIZATION_LEVEL = "-O";
				VALIDATE_PRODUCT = YES;
			};
			name = Release;
		};
		A2A54E2E2A48D8D600D1DD7C /* Debug */ = {
			isa = XCBuildConfiguration;
			buildSettings = {
				ASSETCATALOG_COMPILER_APPICON_NAME = AppIcon;
				ASSETCATALOG_COMPILER_GLOBAL_ACCENT_COLOR_NAME = AccentColor;
				CODE_SIGN_STYLE = Automatic;
				CURRENT_PROJECT_VERSION = 1;
				DEVELOPMENT_ASSET_PATHS = "\"GithubUsers/Resources/Preview Content\"";
				DEVELOPMENT_TEAM = 6GY6SSRWWX;
				ENABLE_PREVIEWS = YES;
				GENERATE_INFOPLIST_FILE = YES;
				INFOPLIST_KEY_UIApplicationSceneManifest_Generation = YES;
				INFOPLIST_KEY_UIApplicationSupportsIndirectInputEvents = YES;
				INFOPLIST_KEY_UILaunchScreen_Generation = YES;
				INFOPLIST_KEY_UISupportedInterfaceOrientations_iPad = "UIInterfaceOrientationPortrait UIInterfaceOrientationPortraitUpsideDown UIInterfaceOrientationLandscapeLeft UIInterfaceOrientationLandscapeRight";
				INFOPLIST_KEY_UISupportedInterfaceOrientations_iPhone = "UIInterfaceOrientationPortrait UIInterfaceOrientationLandscapeLeft UIInterfaceOrientationLandscapeRight";
				INFOPLIST_KEY_UIUserInterfaceStyle = Dark;
				LD_RUNPATH_SEARCH_PATHS = (
					"$(inherited)",
					"@executable_path/Frameworks",
				);
				MARKETING_VERSION = 1.0;
				PRODUCT_BUNDLE_IDENTIFIER = com.Menaim.GithubUsers;
				PRODUCT_NAME = "$(TARGET_NAME)";
				SWIFT_EMIT_LOC_STRINGS = YES;
				SWIFT_VERSION = 5.0;
				TARGETED_DEVICE_FAMILY = "1,2";
			};
			name = Debug;
		};
		A2A54E2F2A48D8D600D1DD7C /* Release */ = {
			isa = XCBuildConfiguration;
			buildSettings = {
				ASSETCATALOG_COMPILER_APPICON_NAME = AppIcon;
				ASSETCATALOG_COMPILER_GLOBAL_ACCENT_COLOR_NAME = AccentColor;
				CODE_SIGN_STYLE = Automatic;
				CURRENT_PROJECT_VERSION = 1;
				DEVELOPMENT_ASSET_PATHS = "\"GithubUsers/Resources/Preview Content\"";
				DEVELOPMENT_TEAM = 6GY6SSRWWX;
				ENABLE_PREVIEWS = YES;
				GENERATE_INFOPLIST_FILE = YES;
				INFOPLIST_KEY_UIApplicationSceneManifest_Generation = YES;
				INFOPLIST_KEY_UIApplicationSupportsIndirectInputEvents = YES;
				INFOPLIST_KEY_UILaunchScreen_Generation = YES;
				INFOPLIST_KEY_UISupportedInterfaceOrientations_iPad = "UIInterfaceOrientationPortrait UIInterfaceOrientationPortraitUpsideDown UIInterfaceOrientationLandscapeLeft UIInterfaceOrientationLandscapeRight";
				INFOPLIST_KEY_UISupportedInterfaceOrientations_iPhone = "UIInterfaceOrientationPortrait UIInterfaceOrientationLandscapeLeft UIInterfaceOrientationLandscapeRight";
				INFOPLIST_KEY_UIUserInterfaceStyle = Dark;
				LD_RUNPATH_SEARCH_PATHS = (
					"$(inherited)",
					"@executable_path/Frameworks",
				);
				MARKETING_VERSION = 1.0;
				PRODUCT_BUNDLE_IDENTIFIER = com.Menaim.GithubUsers;
				PRODUCT_NAME = "$(TARGET_NAME)";
				SWIFT_EMIT_LOC_STRINGS = YES;
				SWIFT_VERSION = 5.0;
				TARGETED_DEVICE_FAMILY = "1,2";
			};
			name = Release;
		};
/* End XCBuildConfiguration section */

/* Begin XCConfigurationList section */
		A29342952A5D5E7C00372C15 /* Build configuration list for PBXNativeTarget "GithubUsersTests" */ = {
			isa = XCConfigurationList;
			buildConfigurations = (
				A29342932A5D5E7C00372C15 /* Debug */,
				A29342942A5D5E7C00372C15 /* Release */,
			);
			defaultConfigurationIsVisible = 0;
			defaultConfigurationName = Release;
		};
		A2A54E1A2A48D8D400D1DD7C /* Build configuration list for PBXProject "GithubUsers" */ = {
			isa = XCConfigurationList;
			buildConfigurations = (
				A2A54E2B2A48D8D600D1DD7C /* Debug */,
				A2A54E2C2A48D8D600D1DD7C /* Release */,
			);
			defaultConfigurationIsVisible = 0;
			defaultConfigurationName = Release;
		};
		A2A54E2D2A48D8D600D1DD7C /* Build configuration list for PBXNativeTarget "GithubUsers" */ = {
			isa = XCConfigurationList;
			buildConfigurations = (
				A2A54E2E2A48D8D600D1DD7C /* Debug */,
				A2A54E2F2A48D8D600D1DD7C /* Release */,
			);
			defaultConfigurationIsVisible = 0;
			defaultConfigurationName = Release;
		};
/* End XCConfigurationList section */

/* Begin XCRemoteSwiftPackageReference section */
		A25B68462A77E6760038C1C7 /* XCRemoteSwiftPackageReference "Factory" */ = {
			isa = XCRemoteSwiftPackageReference;
			repositoryURL = "git@github.com:hmlongco/Factory.git";
			requirement = {
				kind = upToNextMajorVersion;
				minimumVersion = 2.0.0;
			};
		};
/* End XCRemoteSwiftPackageReference section */

/* Begin XCSwiftPackageProductDependency section */
		A25B68472A77E6760038C1C7 /* Factory */ = {
			isa = XCSwiftPackageProductDependency;
			package = A25B68462A77E6760038C1C7 /* XCRemoteSwiftPackageReference "Factory" */;
			productName = Factory;
		};
/* End XCSwiftPackageProductDependency section */
	};
	rootObject = A2A54E172A48D8D400D1DD7C /* Project object */;
}
